{
    "_meta": {
        "hash": {
            "sha256": "7ccb87ed76571c3a225e01dbb840c17fcd1895504719e63b63b27bcc43569aa7"
        },
        "pipfile-spec": 6,
        "requires": {
            "python_version": "3.13"
        },
        "sources": [
            {
                "name": "pypi",
                "url": "https://pypi.org/simple",
                "verify_ssl": true
            }
        ]
    },
    "default": {
        "archspec": {
            "hashes": [
                "sha256:5bec8dfc5366ff299071200466dc9572d56db4e43abca3c66bdd62bc2b731a2a",
                "sha256:604bd4115cb4c18e50a22a9b4a1e516706712263790d7d2994aaa595e70082f6"
            ],
            "markers": "python_version not in '2.7, 3.0, 3.1, 3.2, 3.3, 3.4, 3.5' and python_version >= '3.6'",
            "version": "==0.2.5"
        },
        "astc-encoder-py": {
            "hashes": [
                "sha256:006a009532b1d3005ef9f9eba5664a3eb789c1d25410845febdeb0fead1a3a0e",
                "sha256:0cb825a3fb06c1e3454b06c7b2a5b7d362929c346512cc3f0ea17763ba4529af",
                "sha256:256beff40fae699c4ddb4c37c51abe30101587ced7ffb265f79ec696e6b8e16f",
                "sha256:2867b443dcdd2deb4c0ae0182f818ae65907b141df85b24f690dcc585ba3102c",
                "sha256:2d84a802ea430c12ccd572b7d54988957c996fd5a9130b7143b8ea582184df08",
                "sha256:2ecc2c34fe68724a1b62756973091ef72acdad111a9638026d31ecac1b119b37",
                "sha256:2f699b68c44cc7270a06312174f38447159c1170eda1ca19f6e453e078d5bc12",
                "sha256:318b403ebc44852d2be58e95def9ce8d3a7456eea84262d261988bd263b07df8",
                "sha256:3233b1b99deb1c81456b02942ab0bb86ebf864d563afd93dcc5c970c11a3bf41",
                "sha256:3a303d77f46e0e1457e977704bff3e34d1db6487e88fd7fb674120f1e468fd28",
                "sha256:3f2c9bd2cfc8d10fa7f88b07ee855363dda593d0d25b5ad9615cad8dcb711150",
                "sha256:41b5c4b8a52be437dda2052c3ad247e80cd32fb844d74217e6b1c6d484efbcca",
                "sha256:46b5c853df5a91aa375bb6c78e69edc71b9088851536c5d4b7322f074f8ebff4",
                "sha256:4b81de0b84d53f8b61b30de70f7911327fcc69b0207784b213e9f675c4aae6d8",
                "sha256:5444b145e38e1f1e8df7d92a05c934f21d83f4f19c3591465cd5a68783204d57",
                "sha256:5ccfee15a587c0925affb74c9ff6f2123420f711c85a42ec5aa9efef7cd0ffa5",
                "sha256:634da1247dbf2fb5849718e067ba958b2474780fbcb4384e23ac81f25fa750ff",
                "sha256:71bc5f16e8df4b9409628f5d207f21e048ac24f946f4543ececa9b666dbe1873",
                "sha256:7f7e40148da90ec667fe708f1f6aebc7264fdca1e576c98ef0ab6f67d5f7afd3",
                "sha256:8d0ca2d9153fdc46174f32579b02ce659101d469eb0db979c84cfcc082d13e9b",
                "sha256:8eceaf7f30fe43063fedf3a61cd5e83a82a7ccd830f692018206c745a74222f0",
                "sha256:93fc170e4d6b0beb7411ae4d97c9a62d8af1a8743336fb08c68359c0d5b218b2",
                "sha256:97c24d8ee418be72459c7c79b06ed9f440b879ec6f1411d6587543f94c8bc2e5",
                "sha256:b3e48cfeac0a7f6b0b2d5038a7f33439b0bab436d83558233df9a0b13ba7bd32",
                "sha256:b3ec87861a7c023efe3e56dae182cd4c4aa69ff47db991c0c6407d96cf0ee95f",
                "sha256:b54554e5423987990f5de32c4971a89f221fb52d8b9eb10c7ab5690e686c819d",
                "sha256:c4d840a53fce02b249ec18231a5d34252bea583f83ae7eab65df607a8f2347fc",
                "sha256:cb6a66045d2083ecd069416e77197ef47b0f02cf26ee2b128f7dc502f5021276",
                "sha256:cd964c25e5d06b581cd1b40618a814d761f89cf99d376dec59719308d308ca6b",
                "sha256:cfe6f40bedff3e6bf49055f4fb54c7717c8e4c6585161d39b7a1cc5a827b5720",
                "sha256:d3cda7a5a0773cd2a39102accd680e4711592822d48750f0e108557489457eff",
                "sha256:d9b761ba605d636fc0fc2f4dc96051b5a50a786e4f34ba63bcc20ddecfebfdae",
                "sha256:db5a8e3742da166b3b480b321868d2335795941b125b089011c92c01f3f2b072",
                "sha256:e480918d54ce34be7b2ea34a119efcfbb7b0d368eee51df11586628dd9981d65",
                "sha256:e6ab82b657cfe432a0c20651f55092e434816fade267f63e7726fd1792bf6341",
                "sha256:f0caf3e52c00122ed59d0329311d14b3d7db10ccbb3f7d6d0ce121518716b29c",
                "sha256:f10f0227ca2f0275852b9172b618ef1637312a193d29920aecb716dbb995a24d",
                "sha256:f33457f83b95b646f6b2bf937ffe265a58e89d571545cfd9364618c1469bae03",
                "sha256:f347645546ffef84022e5020905bb30657f0561a5b46dd50d66bbcc74a221eef",
                "sha256:fadcaae89ed676b8ab9d5c679d1010a41448a9634c2e9989cac3ab53289e298f"
            ],
            "markers": "python_version >= '3.7'",
            "version": "==0.1.11"
        },
        "attrs": {
            "hashes": [
                "sha256:427318ce031701fea540783410126f03899a97ffc6f61596ad581ac2e40e3bc3",
                "sha256:75d7cefc7fb576747b2c81b4442d4d4a1ce0900973527c011d1030fd3bf4af1b"
            ],
            "markers": "python_version >= '3.8'",
            "version": "==25.3.0"
        },
        "brotli": {
            "hashes": [
                "sha256:022426c9e99fd65d9475dce5c195526f04bb8be8907607e27e747893f6ee3e24",
                "sha256:072e7624b1fc4d601036ab3f4f27942ef772887e876beff0301d261210bca97f",
                "sha256:09ac247501d1909e9ee47d309be760c89c990defbb2e0240845c892ea5ff0de4",
                "sha256:0bbd5b5ccd157ae7913750476d48099aaf507a79841c0d04a9db4415b14842de",
                "sha256:0cf8c3b8ba93d496b2fae778039e2f5ecc7cff99df84df337ca31d8f2252896c",
                "sha256:14ef29fc5f310d34fc7696426071067462c9292ed98b5ff5a27ac70a200e5470",
                "sha256:15b33fe93cedc4caaff8a0bd1eb7e3dab1c61bb22a0bf5bdfdfd97cd7da79744",
                "sha256:1b1d6a4efedd53671c793be6dd760fcf2107da3a52331ad9ea429edf0902f27a",
                "sha256:1b557b29782a643420e08d75aea889462a4a8796e9a6cf5621ab05a3f7da8ef2",
                "sha256:1b71754d5b6eda54d16fbbed7fce2d8bc6c052a1b91a35c320247946ee103502",
                "sha256:1ce223652fd4ed3eb2b7f78fbea31c52314baecfac68db44037bb4167062a937",
                "sha256:1e68cdf321ad05797ee41d1d09169e09d40fdf51a725bb148bff892ce04583d7",
                "sha256:260d3692396e1895c5034f204f0db022c056f9e2ac841593a4cf9426e2a3faca",
                "sha256:26e8d3ecb0ee458a9804f47f21b74845cc823fd1bb19f02272be70774f56e2a6",
                "sha256:2881416badd2a88a7a14d981c103a52a23a276a553a8aacc1346c2ff47c8dc17",
                "sha256:29b7e6716ee4ea0c59e3b241f682204105f7da084d6254ec61886508efeb43bc",
                "sha256:2a7f1d03727130fc875448b65b127a9ec5d06d19d0148e7554384229706f9d1b",
                "sha256:2d39b54b968f4b49b5e845758e202b1035f948b0561ff5e6385e855c96625971",
                "sha256:2e1ad3fda65ae0d93fec742a128d72e145c9c7a99ee2fcd667785d99eb25a7fe",
                "sha256:3173e1e57cebb6d1de186e46b5680afbd82fd4301d7b2465beebe83ed317066d",
                "sha256:3219bd9e69868e57183316ee19c84e03e8f8b5a1d1f2667e1aa8c2f91cb061ac",
                "sha256:350c8348f0e76fff0a0fd6c26755d2653863279d086d3aa2c290a6a7251135dd",
                "sha256:35d382625778834a7f3061b15423919aa03e4f5da34ac8e02c074e4b75ab4f84",
                "sha256:3b90b767916ac44e93a8e28ce6adf8d551e43affb512f2377c732d486ac6514e",
                "sha256:3e1b35d56856f3ed326b140d3c6d9db91740f22e14b06e840fe4bb1923439a18",
                "sha256:3ebe801e0f4e56d17cd386ca6600573e3706ce1845376307f5d2cbd32149b69a",
                "sha256:3f3c908bcc404c90c77d5a073e55271a0a498f4e0756e48127c35d91cf155947",
                "sha256:40d918bce2b427a0c4ba189df7a006ac0c7277c180aee4617d99e9ccaaf59e6a",
                "sha256:465a0d012b3d3e4f1d6146ea019b5c11e3e87f03d1676da1cc3833462e672fb0",
                "sha256:4735a10f738cb5516905a121f32b24ce196ab82cfc1e4ba2e3ad1b371085fd46",
                "sha256:4ecdb3b6dc36e6d6e14d3a1bdc6c1057c8cbf80db04031d566eb6080ce283a48",
                "sha256:50b1b799f45da91292ffaa21a473ab3a3054fa78560e8ff67082a185274431c8",
                "sha256:54a50a9dad16b32136b2241ddea9e4df159b41247b2ce6aac0b3276a66a8f1e5",
                "sha256:5732eff8973dd995549a18ecbd8acd692ac611c5c0bb3f59fa3541ae27b33be3",
                "sha256:598e88c736f63a0efec8363f9eb34e5b5536b7b6b1821e401afcb501d881f59a",
                "sha256:640fe199048f24c474ec6f3eae67c48d286de12911110437a36a87d7c89573a6",
                "sha256:66c02c187ad250513c2f4fce973ef402d22f80e0adce734ee4e4efd657b6cb64",
                "sha256:67a91c5187e1eec76a61625c77a6c8c785650f5b576ca732bd33ef58b0dff49c",
                "sha256:6be67c19e0b0c56365c6a76e393b932fb0e78b3b56b711d180dd7013cb1fd984",
                "sha256:6c12dad5cd04530323e723787ff762bac749a7b256a5bece32b2243dd5c27b21",
                "sha256:71a66c1c9be66595d628467401d5976158c97888c2c9379c034e1e2312c5b4f5",
                "sha256:7274942e69b17f9cef76691bcf38f2b2d4c8a5f5dba6ec10958363dcb3308a0a",
                "sha256:7547369c4392b47d30a3467fe8c3330b4f2e0f7730e45e3103d7d636678a808b",
                "sha256:7a47ce5c2288702e09dc22a44d0ee6152f2c7eda97b3c8482d826a1f3cfc7da7",
                "sha256:7a61c06b334bd99bc5ae84f1eeb36bfe01400264b3c352f968c6e30a10f9d08b",
                "sha256:7ad8cec81f34edf44a1c6a7edf28e7b7806dfb8886e371d95dcf789ccd4e4982",
                "sha256:7e9053f5fb4e0dfab89243079b3e217f2aea4085e4d58c5c06115fc34823707f",
                "sha256:7fa18d65a213abcfbb2f6cafbb4c58863a8bd6f2103d65203c520ac117d1944b",
                "sha256:81da1b229b1889f25adadc929aeb9dbc4e922bd18561b65b08dd9343cfccca84",
                "sha256:82676c2781ecf0ab23833796062786db04648b7aae8be139f6b8065e5e7b1518",
                "sha256:832c115a020e463c2f67664560449a7bea26b0c1fdd690352addad6d0a08714d",
                "sha256:844a8ceb8483fefafc412f85c14f2aae2fb69567bf2a0de53cdb88b73e7c43ae",
                "sha256:865cedc7c7c303df5fad14a57bc5db1d4f4f9b2b4d0a7523ddd206f00c121a16",
                "sha256:88ef7d55b7bcf3331572634c3fd0ed327d237ceb9be6066810d39020a3ebac7a",
                "sha256:898be2be399c221d2671d29eed26b6b2713a02c2119168ed914e7d00ceadb56f",
                "sha256:8d4f47f284bdd28629481c97b5f29ad67544fa258d9091a6ed1fda47c7347cd1",
                "sha256:92edab1e2fd6cd5ca605f57d4545b6599ced5dea0fd90b2bcdf8b247a12bd190",
                "sha256:9322b9f8656782414b37e6af884146869d46ab85158201d82bab9abbcb971dc7",
                "sha256:95db242754c21a88a79e01504912e537808504465974ebb92931cfca2510469e",
                "sha256:963a08f3bebd8b75ac57661045402da15991468a621f014be54e50f53a58d19e",
                "sha256:96fbe82a58cdb2f872fa5d87dedc8477a12993626c446de794ea025bbda625ea",
                "sha256:99cfa69813d79492f0e5d52a20fd18395bc82e671d5d40bd5a91d13e75e468e8",
                "sha256:9c79f57faa25d97900bfb119480806d783fba83cd09ee0b33c17623935b05fa3",
                "sha256:9e5825ba2c9998375530504578fd4d5d1059d09621a02065d1b6bfc41a8e05ab",
                "sha256:9fe11467c42c133f38d42289d0861b6b4f9da31e8087ca2c0d7ebb4543625526",
                "sha256:a1778532b978d2536e79c05dac2d8cd857f6c55cd0c95ace5b03740824e0e2f1",
                "sha256:a387225a67f619bf16bd504c37655930f910eb03675730fc2ad69d3d8b5e7e92",
                "sha256:a56ef534b66a749759ebd091c19c03ef81eb8cd96f0d1d16b59127eaf1b97a12",
                "sha256:aa47441fa3026543513139cb8926a92a8e305ee9c71a6209ef7a97d91640ea03",
                "sha256:ac27a70bda257ae3f380ec8310b0a06680236bea547756c277b5dfe55a2452a8",
                "sha256:acec55bb7c90f1dfc476126f9711a8e81c9af7fb617409a9ee2953115343f08d",
                "sha256:adedc4a67e15327dfdd04884873c6d5a01d3e3b6f61406f99b1ed4865a2f6d28",
                "sha256:af43b8711a8264bb4e7d6d9a6d004c3a2019c04c01127a868709ec29962b6036",
                "sha256:b232029d100d393ae3c603c8ffd7e3fe6f798c5e28ddca5feabb8e8fdb732997",
                "sha256:b35c13ce241abdd44cb8ca70683f20c0c079728a36a996297adb5334adfc1c44",
                "sha256:b63daa43d82f0cdabf98dee215b375b4058cce72871fd07934f179885aad16e8",
                "sha256:b908d1a7b28bc72dfb743be0d4d3f8931f8309f810af66c906ae6cd4127c93cb",
                "sha256:ba76177fd318ab7b3b9bf6522be5e84c2ae798754b6cc028665490f6e66b5533",
                "sha256:bba6e7e6cfe1e6cb6eb0b7c2736a6059461de1fa2c0ad26cf845de6c078d16c8",
                "sha256:c0d6770111d1879881432f81c369de5cde6e9467be7c682a983747ec800544e2",
                "sha256:c16ab1ef7bb55651f5836e8e62db1f711d55b82ea08c3b8083ff037157171a69",
                "sha256:c1702888c9f3383cc2f09eb3e88b8babf5965a54afb79649458ec7c3c7a63e96",
                "sha256:c25332657dee6052ca470626f18349fc1fe8855a56218e19bd7a8c6ad4952c49",
                "sha256:c8565e3cdc1808b1a34714b553b262c5de5fbda202285782173ec137fd13709f",
                "sha256:cf9cba6f5b78a2071ec6fb1e7bd39acf35071d90a81231d67e92d637776a6a63",
                "sha256:d206a36b4140fbb5373bf1eb73fb9de589bb06afd0d22376de23c5e91d0ab35f",
                "sha256:d2d085ded05278d1c7f65560aae97b3160aeb2ea2c0b3e26204856beccb60888",
                "sha256:d8c05b1dfb61af28ef37624385b0029df902ca896a639881f594060b30ffc9a7",
                "sha256:e310f77e41941c13340a95976fe66a8a95b01e783d430eeaf7a2f87e0a57dd0a",
                "sha256:e7c0af964e0b4e3412a0ebf341ea26ec767fa0b4cf81abb5e897c9338b5ad6a3",
                "sha256:e80a28f2b150774844c8b454dd288be90d76ba6109670fe33d7ff54d96eb5cb8",
                "sha256:e813da3d2d865e9793ef681d3a6b66fa4b7c19244a45b817d0cceda67e615990",
                "sha256:e85190da223337a6b7431d92c799fca3e2982abd44e7b8dec69938dcc81c8e9e",
                "sha256:e99befa0b48f3cd293dafeacdd0d191804d105d279e0b387a32054c1180f3161",
                "sha256:eda5a6d042c698e28bda2507a89b16555b9aa954ef1d750e1c20473481aff675",
                "sha256:ef87b8ab2704da227e83a246356a2b179ef826f550f794b2c52cddb4efbd0196",
                "sha256:f16dace5e4d3596eaeb8af334b4d2c820d34b8278da633ce4a00020b2eac981c",
                "sha256:f8d635cafbbb0c61327f942df2e3f474dde1cff16c3cd0580564774eaba1ee13",
                "sha256:fc1530af5c3c275b8524f2e24841cbe2599d74462455e9bae5109e9ff42e9361",
                "sha256:ff09cd8c5eec3b9d02d2408db41be150d8891c5566addce57513bf546e3d6c6d"
            ],
            "index": "pypi",
            "version": "==1.2.0"
        },
        "etcpak": {
            "hashes": [
                "sha256:06e2abebb14ec3ecab247886af8639cfce7ddcc60fc6eb606b6ad243807cb49e",
                "sha256:1610ae641529d7cb65a5dcd96b96e014e35c7b03a8b017a735fe768d1925312d",
                "sha256:20f6b7dbbd02a5e131493f77d6d813e344c85ce6ae24822edb9e6652ed29536f",
                "sha256:21504580ee20e1a09da0e6bab0309c844c2e47d3c5132e64217c1a56e4d460bf",
                "sha256:2aa1e3ef39fa092de1ea8e3da91f1ef1614cbff152f48262e0d43228e2e25c13",
                "sha256:368cad74a40df68cd12a359f1773db863f8950a80ffaa0670c744a5c2a842029",
                "sha256:39e726ac71ba0b919649dba62dee028e861de34e21f50794135d9c6407012b41",
                "sha256:3aa18143087541786b27cbf2f300aaedaf24e8dc0e97a2805414f071df3c933f",
                "sha256:423d179c778792c1cca10198a6f9e7cf31239063733a96ce02b8fc4ecdbeedf5",
                "sha256:4e289707878d9b60f813fa5ab757393e08eff38bd6b3244cd2294d72f633b328",
                "sha256:511899cb69052a309010343f49b2b96c847706c49d78e18cd21af80e35fb6716",
                "sha256:57993c2cc8a5c515b9e1e4cb4e16fe6cf598a05f17c1cef540fc33047272ecd2",
                "sha256:5f990e576422f6b0bab88c4064b05c5e58607cbd62a4358da5b36398b1c8c7c3",
                "sha256:655cd7b46e16ade47fe875f99173d65ba3b22cc1e67f012a6240ce3860513131",
                "sha256:754db5cf07f584ec480aee10ec1cae1e393281676be8fe085f63d2c2c936df49",
                "sha256:79586e98477754d82ef0a5ec1ffe587160a4651ba2008be7e668d373e10a6740",
                "sha256:8481a41f197ba2501e8e25b8b67e700adfa159706ae5b9ca191b81146306cbc1",
                "sha256:8a21a01e47b229dd3cbc51dcfb8dab9595a6a3c991a01c2406725e2746ceda61",
                "sha256:8ac961d28d216f7adef661db070a4b5283dc1d948072351acb3d49b12a593461",
                "sha256:906dc7faafd59c167874bf0aaef408ade411e45e156ef6977dfdd6f7b6f3381a",
                "sha256:9e3f9d43d6e33ee68561449c15ee10395e60bf4e955a7e7c4121ee1deb673e39",
                "sha256:a1c2856d0873a730437815949611d2012eeda362904fd312c9b3b181ed671b04",
                "sha256:a6e95e9d97ff327db26325eb8da6644ae416786e48470fe18ca1e9a460e7ed16",
                "sha256:a7e979768cc05389cf746fcbdb9c80968ca4bbc1bfca87a57f844ae70410b155",
                "sha256:ae124b2e6df191d519b783e01794287dbf188548576a2bb68d361417dfa3ed17",
                "sha256:af04c3c95e5544a983813a36e32da0575f178810fc0e82a63f3e4554754a87e8",
                "sha256:b0c4b2ab99954bf1ebf3e8a727cc6493001913398b8cd8be59f433e12b4aee49",
                "sha256:be7633432072c9f58a1057fd6bfb5b8b99df456b87b08f6c37499d22a7f4dc36",
                "sha256:cf171b319c13b796acc82fe58182185b109c458b6bd0c93bf0b1c70d20c79415",
                "sha256:cfbf74a4a30811a32f29548a2ea29c3483020798e03008167e418d5f0f1a72c4",
                "sha256:d17a1a27f077e9ee512c07a1dc8b9cf70a443c5aa62ef6572d979d55052a84ed",
                "sha256:dca533910976938280ff3ff705047b588e620a43746f74572860552d9fe2b1fb",
                "sha256:de0deaacf5b6f72879c101bcaaee0fabf6d3eb71121da6e86a4f5849d8c04e3b",
                "sha256:ed1f59ca55b377770b1676f9dc62352dc3e88a1611cd6f08c5a8113f2c813250",
                "sha256:f4ce355878ac9a7de872f587b2321a7936bf0b6a036f2ea200a6af2859d3f0d7",
                "sha256:f6693382ddab5834cfa9ca9d559d3994668989e87bbd93c61ff490e3a3db16eb",
                "sha256:fa47b11da4216d85af740561f32c5a1f4b260ddf2daacc31b6f4880e5c80e818",
                "sha256:fa7680f107e8d22e0906d77c2c7a3e5d2d58fcb3ab9f13a385875da8c8021ddf",
                "sha256:ff7a6223f141f092acdd67274eecb929c2d988c34dc401cfa5b2dc80fc7e8a84"
            ],
            "markers": "python_version >= '3.7'",
            "version": "==0.9.13"
        },
        "fsspec": {
            "hashes": [
                "sha256:2daf8dc3d1dfa65b6aa37748d112773a7a08416f6c70d96b264c96476ecaf711",
                "sha256:e52c77ef398680bbd6a98c0e628fbc469491282981209907bbc8aea76a04fdc6"
            ],
            "markers": "python_version >= '3.9'",
            "version": "==2025.3.2"
        },
        "lz4": {
            "hashes": [
                "sha256:017f8d269a739405a59d68a4d63d23a8df23e3bb2c70aa069b7563af08dfdffb",
                "sha256:070fd0627ec4393011251a094e08ed9fdcc78cb4e7ab28f507638eee4e39abda",
                "sha256:18ae4fe3bafb344dbd09f976d45cbf49c05c34416f2462828f9572c1fa6d5af7",
                "sha256:1ea7f07329f85a8eda4d8cf937b87f27f0ac392c6400f18bea2c667c8b7f8ecc",
                "sha256:23ae267494fdd80f0d2a131beff890cf857f1b812ee72dbb96c3204aab725553",
                "sha256:2f4f2965c98ab254feddf6b5072854a6935adab7bc81412ec4fe238f07b85f62",
                "sha256:30ebbc5b76b4f0018988825a7e9ce153be4f0d4eba34e6c1f2fcded120573e88",
                "sha256:33e01e18e4561b0381b2c33d58e77ceee850a5067f0ece945064cbaac2176962",
                "sha256:38730927ad51beb42ab8dbc5555270bfbe86167ba734265f88bbd799fced1004",
                "sha256:4134b9fd70ac41954c080b772816bb1afe0c8354ee993015a83430031d686a4c",
                "sha256:45e7c954546de4f85d895aa735989d77f87dd649f503ce1c8a71a151b092ed36",
                "sha256:4ab1537bd3b3bfbafd3c8847e06827129794488304f21945fc2f5b669649d94f",
                "sha256:57fd20c5fc1a49d1bbd170836fccf9a338847e73664f8e313dce6ac91b8c1e02",
                "sha256:585b42eb37ab16a278c3a917ec23b2beef175aa669f4120142b97aebf90ef775",
                "sha256:6b56aa9eef830bf6443acd8c4e18b208a8993dc32e0d6ef4263ecfa6afb3f599",
                "sha256:6ea715bb3357ea1665f77874cf8f55385ff112553db06f3742d3cdcec08633f7",
                "sha256:714f9298c86f8e7278f1c6af23e509044782fa8220eb0260f8f8f1632f820550",
                "sha256:80dd27d7d680ea02c261c226acf1d41de2fd77af4fb2da62b278a9376e380de0",
                "sha256:8ccab8f7f7b82f9fa9fc3b0ba584d353bd5aa818d5821d77d5b9447faad2aaad",
                "sha256:900912e8a7cf74b4a2bea18a3594ae0bf1138f99919c20017167b6e05f760aa4",
                "sha256:9b7d6dddfd01b49aedb940fdcaf32f41dc58c926ba35f4e31866aeec2f32f4f4",
                "sha256:a355223a284f42a723c120ce68827de66d5cb872a38732b3d5abbf544fa2fe26",
                "sha256:a760a175b46325b2bb33b1f2bbfb8aa21b48e1b9653e29c10b6834f9bb44ead4",
                "sha256:a8474c91de47733856c6686df3c4aca33753741da7e757979369c2c0d32918ba",
                "sha256:b28228197775b7b5096898851d59ef43ccaf151136f81d9c436bc9ba560bc2ba",
                "sha256:bd1add57b6fe1f96bed2d529de085e9378a3ac04b86f116d10506f85b68e97fc",
                "sha256:d0be9f68240231e1e44118a4ebfecd8a5d4184f0bdf5c591c98dd6ade9720afd",
                "sha256:d21d1a2892a2dcc193163dd13eaadabb2c1b803807a5117d8f8588b22eaf9f12",
                "sha256:d33a5105cd96ebd32c3e78d7ece6123a9d2fb7c18b84dec61f27837d9e0c496c",
                "sha256:dac522788296a9a02a39f620970dea86c38e141e21e51238f1b5e9fa629f8e69",
                "sha256:dc64d6dfa7a89397529b22638939e70d85eaedc1bd68e30a29c78bfb65d4f715",
                "sha256:ddfc7194cd206496c445e9e5b0c47f970ce982c725c87bd22de028884125b68f",
                "sha256:e3fc90f766401684740978cd781d73b9685bd81b5dbf7257542ef9de4612e4d2",
                "sha256:e43e9d48b2daf80e486213128b0763deed35bbb7a59b66d1681e205e1702d735",
                "sha256:e9cb387c33f014dae4db8cb4ba789c8d2a0a6d045ddff6be13f6c8d9def1d2a6",
                "sha256:e9ec5d45ea43684f87c316542af061ef5febc6a6b322928f059ce1fb289c298a",
                "sha256:ed6eb9f8deaf25ee4f6fad9625d0955183fdc90c52b6f79a76b7f209af1b6e54",
                "sha256:f170abb8416c4efca48e76cac2c86c3185efdf841aecbe5c190121c42828ced0",
                "sha256:f4c21648d81e0dda38b4720dccc9006ae33b0e9e7ffe88af6bf7d4ec124e2fba",
                "sha256:f5024d3ca2383470f7c4ef4d0ed8eabad0b22b23eeefde1c192cf1a38d5e9f78",
                "sha256:fff9f3a1ed63d45cb6514bfb8293005dc4141341ce3500abdfeb76124c0b9b2e"
            ],
            "markers": "python_version >= '3.9'",
            "version": "==4.4.4"
        },
        "pillow": {
            "hashes": [
                "sha256:023f6d2d11784a465f09fd09a34b150ea4672e85fb3d05931d89f373ab14abb2",
                "sha256:02a723e6bf909e7cea0dac1b0e0310be9d7650cd66222a5f1c571455c0a45214",
                "sha256:040a5b691b0713e1f6cbe222e0f4f74cd233421e105850ae3b3c0ceda520f42e",
                "sha256:05f6ecbeff5005399bb48d198f098a9b4b6bdf27b8487c7f38ca16eeb070cd59",
                "sha256:068d9c39a2d1b358eb9f245ce7ab1b5c3246c7c8c7d9ba58cfa5b43146c06e50",
                "sha256:092c80c76635f5ecb10f3f83d76716165c96f5229addbd1ec2bdbbda7d496e06",
                "sha256:0b275ff9b04df7b640c59ec5a3cb113eefd3795a8df80bac69646ef699c6981a",
                "sha256:0bce5c4fd0921f99d2e858dc4d4d64193407e1b99478bc5cacecba2311abde51",
                "sha256:106064daa23a745510dabce1d84f29137a37224831d88eb4ce94bb187b1d7e5f",
                "sha256:118ca10c0d60b06d006be10a501fd6bbdfef559251ed31b794668ed569c87e12",
                "sha256:13f87d581e71d9189ab21fe0efb5a23e9f28552d5be6979e84001d3b8505abe8",
                "sha256:155658efb5e044669c08896c0c44231c5e9abcaadbc5cd3648df2f7c0b96b9a6",
                "sha256:1904e1264881f682f02b7f8167935cce37bc97db457f8e7849dc3a6a52b99580",
                "sha256:19d2ff547c75b8e3ff46f4d9ef969a06c30ab2d4263a9e287733aa8b2429ce8f",
                "sha256:1a992e86b0dd7aeb1f053cd506508c0999d710a8f07b4c791c63843fc6a807ac",
                "sha256:1b9c17fd4ace828b3003dfd1e30bff24863e0eb59b535e8f80194d9cc7ecf860",
                "sha256:1c627742b539bba4309df89171356fcb3cc5a9178355b2727d1b74a6cf155fbd",
                "sha256:1cd110edf822773368b396281a2293aeb91c90a2db00d78ea43e7e861631b722",
                "sha256:1f85acb69adf2aaee8b7da124efebbdb959a104db34d3a2cb0f3793dbae422a8",
                "sha256:2a3117c06b8fb646639dce83694f2f9eac405472713fcb1ae887469c0d4f6788",
                "sha256:2aceea54f957dd4448264f9bf40875da0415c83eb85f55069d89c0ed436e3542",
                "sha256:30807c931ff7c095620fe04448e2c2fc673fcbb1ffe2a7da3fb39613489b1ddd",
                "sha256:30b7c02f3899d10f13d7a48163c8969e4e653f8b43416d23d13d1bbfdc93b9f8",
                "sha256:3828ee7586cd0b2091b6209e5ad53e20d0649bbe87164a459d0676e035e8f523",
                "sha256:3cee80663f29e3843b68199b9d6f4f54bd1d4a6b59bdd91bceefc51238bcb967",
                "sha256:3e184b2f26ff146363dd07bde8b711833d7b0202e27d13540bfe2e35a323a809",
                "sha256:41342b64afeba938edb034d122b2dda5db2139b9a4af999729ba8818e0056477",
                "sha256:41742638139424703b4d01665b807c6468e23e699e8e90cffefe291c5832b027",
                "sha256:4445fa62e15936a028672fd48c4c11a66d641d2c05726c7ec1f8ba6a572036ae",
                "sha256:45dfc51ac5975b938e9809451c51734124e73b04d0f0ac621649821a63852e7b",
                "sha256:48d254f8a4c776de343051023eb61ffe818299eeac478da55227d96e241de53f",
                "sha256:4c834a3921375c48ee6b9624061076bc0a32a60b5532b322cc0ea64e639dd50e",
                "sha256:4c96f993ab8c98460cd0c001447bff6194403e8b1d7e149ade5f00594918128b",
                "sha256:504b6f59505f08ae014f724b6207ff6222662aab5cc9542577fb084ed0676ac7",
                "sha256:527b37216b6ac3a12d7838dc3bd75208ec57c1c6d11ef01902266a5a0c14fc27",
                "sha256:5418b53c0d59b3824d05e029669efa023bbef0f3e92e75ec8428f3799487f361",
                "sha256:59a03cdf019efbfeeed910bf79c7c93255c3d54bc45898ac2a4140071b02b4ae",
                "sha256:5e05688ccef30ea69b9317a9ead994b93975104a677a36a8ed8106be9260aa6d",
                "sha256:643f189248837533073c405ec2f0bb250ba54598cf80e8c1e043381a60632f58",
                "sha256:65dc69160114cdd0ca0f35cb434633c75e8e7fad4cf855177a05bf38678f73ad",
                "sha256:676b2815362456b5b3216b4fd5bd89d362100dc6f4945154ff172e206a22c024",
                "sha256:6a418691000f2a418c9135a7cf0d797c1bb7d9a485e61fe8e7722845b95ef978",
                "sha256:6abdbfd3aea42be05702a8dd98832329c167ee84400a1d1f61ab11437f1717eb",
                "sha256:6be31e3fc9a621e071bc17bb7de63b85cbe0bfae91bb0363c893cbe67247780d",
                "sha256:71f511f6b3b91dd543282477be45a033e4845a40278fa8dcdbfdb07109bf18f9",
                "sha256:7859a4cc7c9295f5838015d8cc0a9c215b77e43d07a25e460f35cf516df8626f",
                "sha256:7966e38dcd0fa11ca390aed7c6f20454443581d758242023cf36fcb319b1a874",
                "sha256:79ea0d14d3ebad43ec77ad5272e6ff9bba5b679ef73375ea760261207fa8e0aa",
                "sha256:7aee118e30a4cf54fdd873bd3a29de51e29105ab11f9aad8c32123f58c8f8081",
                "sha256:7b161756381f0918e05e7cb8a371fff367e807770f8fe92ecb20d905d0e1c149",
                "sha256:7c8ec7a017ad1bd562f93dbd8505763e688d388cde6e4a010ae1486916e713e6",
                "sha256:7db51d222548ccfd274e4572fdbf3e810a5e66b00608862f947b163e613b67dd",
                "sha256:819931d25e57b513242859ce1876c58c59dc31587847bf74cfe06b2e0cb22d2f",
                "sha256:83e1b0161c9d148125083a35c1c5a89db5b7054834fd4387499e06552035236c",
                "sha256:857844335c95bea93fb39e0fa2726b4d9d758850b34075a7e3ff4f4fa3aa3b31",
                "sha256:8797edc41f3e8536ae4b10897ee2f637235c94f27404cac7297f7b607dd0716e",
                "sha256:8924748b688aa210d79883357d102cd64690e56b923a186f35a82cbc10f997db",
                "sha256:89bd777bc6624fe4115e9fac3352c79ed60f3bb18651420635f26e643e3dd1f6",
                "sha256:8dc70ca24c110503e16918a658b869019126ecfe03109b754c402daff12b3d9f",
                "sha256:921bd305b10e82b4d1f5e802b6850677f965d8394203d182f078873851dada69",
                "sha256:932c754c2d51ad2b2271fd01c3d121daaa35e27efae2a616f77bf164bc0b3e94",
                "sha256:93efb0b4de7e340d99057415c749175e24c8864302369e05914682ba642e5d77",
                "sha256:97afb3a00b65cc0804d1c7abddbf090a81eaac02768af58cbdcaaa0a931e0b6d",
                "sha256:97f07ed9f56a3b9b5f49d3661dc9607484e85c67e27f3e8be2c7d28ca032fec7",
                "sha256:98a9afa7b9007c67ed84c57c9e0ad86a6000da96eaa638e4f8abe5b65ff83f0a",
                "sha256:9ab6ae226de48019caa8074894544af5b53a117ccb9d3b3dcb2871464c829438",
                "sha256:9c412fddd1b77a75aa904615ebaa6001f169b26fd467b4be93aded278266b288",
                "sha256:a1bc6ba083b145187f648b667e05a2534ecc4b9f2784c2cbe3089e44868f2b9b",
                "sha256:a418486160228f64dd9e9efcd132679b7a02a5f22c982c78b6fc7dab3fefb635",
                "sha256:a4d336baed65d50d37b88ca5b60c0fa9d81e3a87d4a7930d3880d1624d5b31f3",
                "sha256:a6444696fce635783440b7f7a9fc24b3ad10a9ea3f0ab66c5905be1c19ccf17d",
                "sha256:a7bc6e6fd0395bc052f16b1a8670859964dbd7003bd0af2ff08342eb6e442cfe",
                "sha256:b4b8f3efc8d530a1544e5962bd6b403d5f7fe8b9e08227c6b255f98ad82b4ba0",
                "sha256:b5f56c3f344f2ccaf0dd875d3e180f631dc60a51b314295a3e681fe8cf851fbe",
                "sha256:be5463ac478b623b9dd3937afd7fb7ab3d79dd290a28e2b6df292dc75063eb8a",
                "sha256:c37d8ba9411d6003bba9e518db0db0c58a680ab9fe5179f040b0463644bc9805",
                "sha256:c84d689db21a1c397d001aa08241044aa2069e7587b398c8cc63020390b1c1b8",
                "sha256:cadc9e0ea0a2431124cde7e1697106471fc4c1da01530e679b2391c37d3fbb3a",
                "sha256:cd8ff254faf15591e724dc7c4ddb6bf4793efcbe13802a4ae3e863cd300b493e",
                "sha256:d9da3df5f9ea2a89b81bb6087177fb1f4d1c7146d583a3fe5c672c0d94e55e12",
                "sha256:e5c5858ad8ec655450a7c7df532e9842cf8df7cc349df7225c60d5d348c8aada",
                "sha256:ea944117a7974ae78059fcc1800e5d3295172bb97035c0c1d9345fca1419da71",
                "sha256:ec1ee50470b0d050984394423d96325b744d55c701a439d2bd66089bff963d3c",
                "sha256:f1f182ebd2303acf8c380a54f615ec883322593320a9b00438eb842c1f37ae50",
                "sha256:f8a5827f84d973d8636e9dc5764af4f0cf2318d26744b3d902931701b0d46653",
                "sha256:fdae223722da47b024b867c1ea0be64e0df702c5e0a60e27daad39bf960dd1e4"
            ],
            "index": "pypi",
            "markers": "python_version >= '3.9'",
            "version": "==11.3.0"
        },
        "pyfmodex": {
            "hashes": [
                "sha256:1c42112b788e80ee7b4b57ae25bbbc0a98eb1e32a8e7c9e1246698cdf72efa9d",
                "sha256:d9ad3d7841a1c4cf4733cbedc69389f84c58a640d23d0ffa083ad6080f35103c"
            ],
            "markers": "python_version >= '3.6' and python_version < '4.0'",
            "version": "==0.7.2"
        },
        "texture2ddecoder": {
            "hashes": [
                "sha256:073128f915c5ed54d34230c33709b89a88e11b796e57f9d5c734c640b265551d",
                "sha256:185e317b5459f9f4f2429e471f6300a3a8fe11e858048c4105927d342718f946",
                "sha256:19f00acb3a25b285c5b3e5a7bc22adb4d90db401c450695e98463585998a5715",
                "sha256:1fd60db331483094a9c7b84e1188222bb545987a11e3161f217f829e1e9c165f",
                "sha256:35153d47b134c61808ae64692bf78b991cd1cacf8e600058b92ac780d81b883b",
                "sha256:3be7cc2bce9ce117fa0d8cac2fd8c13a362bd0512625bf39989581796927d6d9",
                "sha256:3d94ae1a87712908286bc5cc9e6ad173a9357aaf33937507cba2ad4305ed8344",
                "sha256:3f620e32e47ca1b8f0f9ea2497e195ac0ac5104aa03511fc8a75fc3476907d73",
                "sha256:49fa46e3f10d226a3ead5a11288f781bdd589ff80e649dec8c68cc04b45384e1",
                "sha256:500e41c12227d5f0e4065ea7047e69fdcbd773a1602ee64f5d34656330bd7c9e",
                "sha256:6ee16f7ebb98e227875f3bbd36be3c65b8d84296200b2624e5064f069bb5588f",
                "sha256:719f0e17b66e3269662ff6bb05167b61df6897ec3555caefc58731d14d0dad39",
                "sha256:7767e865394ad8e0a0609d275caf3e8c99d03df107dfb961cb90ea21c9295dc2",
                "sha256:7a851cf54e0918d52e63b248129dab8a0bdc98d0237e4da7a85812ce0da101e7",
                "sha256:7d21f2866b2bb21f01910b99164bed8a8cc70d2f2be5fd5bf37db1a87a781389",
                "sha256:7dbd6eb6b2364b0557ed08f5fa9d189ba6ca005a0b73300ac8f3b5f738e0b8f3",
                "sha256:837a52ed52206ea4a414fd468228ad7fab6a07ad5b31ebcc554dab4c59e81af7",
                "sha256:869c3563bf03eb0af751812d5d42f9b6a33fbd647196e3812060eba89a0b7dcc",
                "sha256:8d027e52b0ed6f710a70d8ff4164920b9d5b676246eb77dc856ed97e662ddafa",
                "sha256:92d083172d9e1e5fd8f2ecaac562184309bd3cd92b28e6ed409103519cf908e6",
                "sha256:939dd5773b685ffa4f241d1cfebbef070309a52e78aa4221ff2286499d1ab521",
                "sha256:958e82c0fe8f831e317304193d83110566736fa7b03698a97aeb8f6f09828fa1",
                "sha256:9a74d7ca2650adb72d5ee84716b5b95803497bb851baf1d59ff35a76cc91eece",
                "sha256:9b10cdcdde82211f358cee2a85b1ca0fb41a652cc660596b8cc52e8cbb0ba59d",
                "sha256:a0eb8160949a2f5b79ff1eff24eec79d578e1da8a0f3261f61b879c4522e45bc",
                "sha256:a61c40d96ab0567e0b850114e215885ac8f9786580df10a076e6ac7ef33aa75b",
                "sha256:a9dbf2825d74f26d489a4f971e55d57f85397054daef804cfec2e88b5d5247b8",
                "sha256:b0ec4e2d3d1b747a2abc7e0ad64e6162104701592d36bb5b0ae7beb4de61f5b8",
                "sha256:bbb8b288582a32e6f0e850261a6e19d67fee0cd7b80c58f0479d930587c3f797",
                "sha256:bca2468fae272cc73d50fa81b54f5584a0b5b4b76327c32cf735246785f34382",
                "sha256:ca0d30fefaf87414efd73df0089da87ca5e0db2159b8229e2cad32c098436b4f",
                "sha256:cc79c8042f792b156d822941c8b57457f0170b89ef52933fe3216a9db30e4a4c",
                "sha256:cd5707222d488226fd833eb65409e23038a20e77cc3911581628b2d8dc37c997",
                "sha256:ce2abddad1d6ce670a17908901998d3d6a88984c065079f7123e384f159804a2",
                "sha256:d037c4071eaeb1b772ccf17dcd1be0ebd1a01a6565f297182346bbafb7acc25e",
                "sha256:d2a4aa07aabd1f542199c730664d3e6d4b6cde6622bc90d3bd70267301f70f62",
                "sha256:e449dc9dc7d59bd5fea302b8b80dcef26a31d53a7ff9e59cd7749b5306138f26",
                "sha256:f5216e848774a396fa58c9674be6333d0b9f0d8f923fdc3ce82b59dc29196e06",
                "sha256:fb59578961679fac0ef6dfaf5ec42067357c770f291a861a152466bab7c473fd",
                "sha256:ffc86b8b0d6c88c82eb0485e74de3f68d0f136fd5d19fd99efd95fc682bad52b"
            ],
            "markers": "python_version >= '3.7'",
            "version": "==1.0.5"
        },
        "unitypy": {
            "hashes": [
                "sha256:01343d0070c5b7ef26d76dec23f9348c8c2963c106bd83c63d93e0e534cf52ea",
                "sha256:021b48a3e3e89c9f12b7a65b8bd01e25195d49edb2d580b19ea6b4f8e81600f4",
                "sha256:02a24026ad537cf483a52864a0fe721cd61ae21520e7ffa11f0397e18549c90b",
                "sha256:08546764517a6b40062236c21791d666e1a6a30be3b2936f71bc116b768fc258",
                "sha256:10593c66f47a0ff54eb0c85069b8ba7c252942431800c59410366fb4fdc16065",
                "sha256:10e7b0d7e8ca8bc780e25dff16adf8a71379b08a472ac6013c36a19e1e28cdb1",
                "sha256:13de4127e6b395988f3e78cf3185f4df93691d8f63e67544ea9747c4e75595d1",
                "sha256:205bf0db43c12d20db97b14e02d92d9afd2b28b16e60851e48fb0cfbe11a2b0e",
                "sha256:21df58c29d829a18afa29f546d06a5e75f8f954c390b7e5d610b0b02378faccd",
                "sha256:224562e0b92c6a2cbc78842a36b53f89c21b8594ff15e08ba8fa0655fbeae962",
                "sha256:26ae5c06b7204b6627327835f8064aebefaad1bd5c916c9f55a775ddb745e2ad",
                "sha256:2791e14d6eb1787123d157c10a6a2de1be66b807d15f9d2834342f354b81dbb8",
                "sha256:2e543e859efc6712b2f9c7c9f86733ff0a2ab2969ca089aeca8e1c5cbefd3d1e",
                "sha256:329af9e32c116519b1514281e14e78c15a772f1ff7d5769c4d23342079d34db2",
                "sha256:3a5fd46bebd0235d236e9ca49bb75c835b7838ef84987693ceee867035d004cb",
                "sha256:3aeaa80be4bc57cccfbce9a65ea568c5670d48b1d15606ac95b713ae668ee6d1",
                "sha256:487576cd0dd6467657afa42194a1ef7657f2116c9045d409e5d5d95662644a6d",
                "sha256:5fab4112a30afe90183bee6d102e66a83f70c6982fbb638538080e110bd64388",
                "sha256:67e96b800bddbf879a997cd25a071dabf76cb08fce0ae28bc959f5dfe0795ca8",
                "sha256:6991f2a8e24dde012aede556b31754e711b7fa6391d35f10a84f4483c4d3b596",
                "sha256:7413ca79da519cd7a742132f7a69d34cb6a16163825464122aa3310890965ba5",
                "sha256:752914c6ec84de3df432afcb3fdbdeaeb50ef06546da9eb1ff84a47cbc899fa0",
                "sha256:7732e773995b117a8204831448a5d70ae5a9d41b58543fb5df6fc9ade77fbb97",
                "sha256:8248159e3d773cb6ae5b223fe723b82f9262356d6aff4daa38f788c0a56424cc",
                "sha256:839609e3b2e7c43cfe9f6e072da5031963c49751d91f1166de7de32917424983",
                "sha256:862859166aaf67521edb1e5f6e3651dcb912cf0056d8808908e3eb06cf2bc6e8",
                "sha256:86ee9c87c645ef708b64f83d8d064113df1cfff81fdd5b1354b9e9bdc4c183b3",
                "sha256:8cd9bfe7c295d114e8b87adbda0466d29a2b8fe26e7e50c3b31cd5278b054bf1",
                "sha256:9063c1881d764f4cb4fdab80a5eb17ecae8f0ee3f24a22fa1bf96e5f0e5cc666",
                "sha256:97250ca5c4b87c486866adc279f101d2ca7bdea882624491a9310ac48f16d44d",
                "sha256:99e9cda97ddb19cb5c31d184d0ef1c82859b700eb0a319552fb6d5c7f628248a",
                "sha256:9d5de46fbe3f8526059912344c3a2905fa39576927c66f3b64b19bcfcc82ad0e",
                "sha256:aa59cae4801c15ddc61dfeb77fb83ddfd2e2d8942d0d684bb904a357223da0b8",
                "sha256:ad3c84deaa1a4e7e0c388c424ca2f0361c776068a234bf8e9b3fb2bf4e0dabef",
                "sha256:b40759612804f3788931ec2482c83eda436f5dde9159aba102b971225a3d6098",
                "sha256:b40a4f466452ba2215adfdc7f99239ecff8e3e442e83cbaae32b7332ff1d4a09",
                "sha256:b4a2efaaa729ea8303fcbadac047b444f10f936e74e26cc6daa6eff3ae2e8136",
                "sha256:b85fdeba684c8597e653adbe2f4b95fa3234c976ee775765b5816d480de7efae",
                "sha256:c2bd18ba5f0a3214b51012905821697d84c851e7cb686084d60c33a95fca8504",
                "sha256:c2d431997e19522dc960b1cc0e0625e61ff22aacb0135164435f926d119fa58d",
                "sha256:c3e0a74a5d16762c4cea62099263d63982a2ef2a2ebfea86bf795ba2fb55aac0",
                "sha256:c4651e9f2233cf0466d40d9939f2a222c65bae849bcf4aa10566d623b67c396f",
                "sha256:c5ae1c6da5f811ecafecfa1de45c90307d275af90dcd0f9546c9006883b45358",
                "sha256:c9db91ac167c077fc8adde7c24a534653a3f21ec4efd143106dac25bb9a9dff8",
                "sha256:cb5a3c7c52630f5b8435744d43f07d6adb310ba689def929c857d673ae154cc5",
                "sha256:cdc4d221bd7750f8ddb622aaad7c0442771d1dd3831a29143bf108298de9d4c4",
                "sha256:d329f0a81c8b9b73c24258c1c0643b529a68d30be03820ce5712cd3303349756",
                "sha256:d6d9c8bd65640e22a41e4c864acfe066f836f9411943d5fba810d7736436d4b2",
                "sha256:dac5bedcc015ef9f316e512f9cb4454a78e38e92c676c1ed060aafa5b1f2f504",
                "sha256:db937b0568506b877df7fe4b33ebfb42dc5611520f6bd7d40e2184d8c9f2ade6",
                "sha256:dded3e32d5b3c130a33207f147f28c9f8b4b7968379d45e25222fbdf185ceff0",
                "sha256:e74782c561a3e805a986fe84a5592f84a5647452e01d32e72f2c67e04d61eae2",
                "sha256:e8ceac1c57cb49cd08b7d7a1869951d676c275b528d53a25ed3de0a90c22a7da",
                "sha256:eef3ce564189f9300f52cd733040de5e51ee244beb654b87e1b4cf3396d99be2",
                "sha256:f1d1e275c32ca480f3d6b4e30a4dc29efd7ce73a83ee7326e5b70148dc1daaf2",
                "sha256:f3abaf183302efd262ae06927257e9592fea661ab8b60154b49ca4ef5ef84898",
                "sha256:f462eeadf36049a3b2515a478b3a4e8b3ac2942c50575feab27cffb6e7c29535",
                "sha256:f683356c546129f53d5877e78299963f84b1c0dd1ba3adb35b9fd77f7898bfad",
                "sha256:f96895dd8d75e93719dbfcb288a63005b15c9fa4ce9e508631c403c027b0f42e",
                "sha256:fd87888dd349cde2554c7f76db4e9a5e1d6c74a7ef01e9559de574b2facf6436",
                "sha256:fe0ee62e68945a4d3a74f87ae47565e7b52e6e476eb056c2315a9af94de853c7"
            ],
            "index": "pypi",
            "markers": "python_version >= '3.7'",
            "version": "==1.22.2"
        }
    },
    "develop": {}
}
