{
    "_meta": {
        "hash": {
            "sha256": "7ccb87ed76571c3a225e01dbb840c17fcd1895504719e63b63b27bcc43569aa7"
        },
        "pipfile-spec": 6,
        "requires": {
            "python_version": "3.13"
        },
        "sources": [
            {
                "name": "pypi",
                "url": "https://pypi.org/simple",
                "verify_ssl": true
            }
        ]
    },
    "default": {
        "archspec": {
            "hashes": [
                "sha256:5bec8dfc5366ff299071200466dc9572d56db4e43abca3c66bdd62bc2b731a2a",
                "sha256:604bd4115cb4c18e50a22a9b4a1e516706712263790d7d2994aaa595e70082f6"
            ],
            "markers": "python_version not in '2.7, 3.0, 3.1, 3.2, 3.3, 3.4, 3.5' and python_version >= '3.6'",
            "version": "==0.2.5"
        },
        "astc-encoder-py": {
            "hashes": [
                "sha256:006a009532b1d3005ef9f9eba5664a3eb789c1d25410845febdeb0fead1a3a0e",
                "sha256:0cb825a3fb06c1e3454b06c7b2a5b7d362929c346512cc3f0ea17763ba4529af",
                "sha256:256beff40fae699c4ddb4c37c51abe30101587ced7ffb265f79ec696e6b8e16f",
                "sha256:2867b443dcdd2deb4c0ae0182f818ae65907b141df85b24f690dcc585ba3102c",
                "sha256:2d84a802ea430c12ccd572b7d54988957c996fd5a9130b7143b8ea582184df08",
                "sha256:2ecc2c34fe68724a1b62756973091ef72acdad111a9638026d31ecac1b119b37",
                "sha256:2f699b68c44cc7270a06312174f38447159c1170eda1ca19f6e453e078d5bc12",
                "sha256:318b403ebc44852d2be58e95def9ce8d3a7456eea84262d261988bd263b07df8",
                "sha256:3233b1b99deb1c81456b02942ab0bb86ebf864d563afd93dcc5c970c11a3bf41",
                "sha256:3a303d77f46e0e1457e977704bff3e34d1db6487e88fd7fb674120f1e468fd28",
                "sha256:3f2c9bd2cfc8d10fa7f88b07ee855363dda593d0d25b5ad9615cad8dcb711150",
                "sha256:41b5c4b8a52be437dda2052c3ad247e80cd32fb844d74217e6b1c6d484efbcca",
                "sha256:46b5c853df5a91aa375bb6c78e69edc71b9088851536c5d4b7322f074f8ebff4",
                "sha256:4b81de0b84d53f8b61b30de70f7911327fcc69b0207784b213e9f675c4aae6d8",
                "sha256:5444b145e38e1f1e8df7d92a05c934f21d83f4f19c3591465cd5a68783204d57",
                "sha256:5ccfee15a587c0925affb74c9ff6f2123420f711c85a42ec5aa9efef7cd0ffa5",
                "sha256:634da1247dbf2fb5849718e067ba958b2474780fbcb4384e23ac81f25fa750ff",
                "sha256:71bc5f16e8df4b9409628f5d207f21e048ac24f946f4543ececa9b666dbe1873",
                "sha256:7f7e40148da90ec667fe708f1f6aebc7264fdca1e576c98ef0ab6f67d5f7afd3",
                "sha256:8d0ca2d9153fdc46174f32579b02ce659101d469eb0db979c84cfcc082d13e9b",
                "sha256:8eceaf7f30fe43063fedf3a61cd5e83a82a7ccd830f692018206c745a74222f0",
                "sha256:93fc170e4d6b0beb7411ae4d97c9a62d8af1a8743336fb08c68359c0d5b218b2",
                "sha256:97c24d8ee418be72459c7c79b06ed9f440b879ec6f1411d6587543f94c8bc2e5",
                "sha256:b3e48cfeac0a7f6b0b2d5038a7f33439b0bab436d83558233df9a0b13ba7bd32",
                "sha256:b3ec87861a7c023efe3e56dae182cd4c4aa69ff47db991c0c6407d96cf0ee95f",
                "sha256:b54554e5423987990f5de32c4971a89f221fb52d8b9eb10c7ab5690e686c819d",
                "sha256:c4d840a53fce02b249ec18231a5d34252bea583f83ae7eab65df607a8f2347fc",
                "sha256:cb6a66045d2083ecd069416e77197ef47b0f02cf26ee2b128f7dc502f5021276",
                "sha256:cd964c25e5d06b581cd1b40618a814d761f89cf99d376dec59719308d308ca6b",
                "sha256:cfe6f40bedff3e6bf49055f4fb54c7717c8e4c6585161d39b7a1cc5a827b5720",
                "sha256:d3cda7a5a0773cd2a39102accd680e4711592822d48750f0e108557489457eff",
                "sha256:d9b761ba605d636fc0fc2f4dc96051b5a50a786e4f34ba63bcc20ddecfebfdae",
                "sha256:db5a8e3742da166b3b480b321868d2335795941b125b089011c92c01f3f2b072",
                "sha256:e480918d54ce34be7b2ea34a119efcfbb7b0d368eee51df11586628dd9981d65",
                "sha256:e6ab82b657cfe432a0c20651f55092e434816fade267f63e7726fd1792bf6341",
                "sha256:f0caf3e52c00122ed59d0329311d14b3d7db10ccbb3f7d6d0ce121518716b29c",
                "sha256:f10f0227ca2f0275852b9172b618ef1637312a193d29920aecb716dbb995a24d",
                "sha256:f33457f83b95b646f6b2bf937ffe265a58e89d571545cfd9364618c1469bae03",
                "sha256:f347645546ffef84022e5020905bb30657f0561a5b46dd50d66bbcc74a221eef",
                "sha256:fadcaae89ed676b8ab9d5c679d1010a41448a9634c2e9989cac3ab53289e298f"
            ],
            "markers": "python_version >= '3.7'",
            "version": "==0.1.11"
        },
        "attrs": {
            "hashes": [
                "sha256:427318ce031701fea540783410126f03899a97ffc6f61596ad581ac2e40e3bc3",
                "sha256:75d7cefc7fb576747b2c81b4442d4d4a1ce0900973527c011d1030fd3bf4af1b"
            ],
            "markers": "python_version >= '3.8'",
            "version": "==25.3.0"
        },
        "brotli": {
            "hashes": [
                "sha256:03d20af184290887bdea3f0f78c4f737d126c74dc2f3ccadf07e54ceca3bf208",
                "sha256:0541e747cce78e24ea12d69176f6a7ddb690e62c425e01d31cc065e69ce55b48",
                "sha256:069a121ac97412d1fe506da790b3e69f52254b9df4eb665cd42460c837193354",
                "sha256:0737ddb3068957cf1b054899b0883830bb1fec522ec76b1098f9b6e0f02d9419",
                "sha256:0b63b949ff929fbc2d6d3ce0e924c9b93c9785d877a21a1b678877ffbbc4423a",
                "sha256:0c6244521dda65ea562d5a69b9a26120769b7a9fb3db2fe9545935ed6735b128",
                "sha256:11d00ed0a83fa22d29bc6b64ef636c4552ebafcef57154b4ddd132f5638fbd1c",
                "sha256:141bd4d93984070e097521ed07e2575b46f817d08f9fa42b16b9b5f27b5ac088",
                "sha256:19c116e796420b0cee3da1ccec3b764ed2952ccfcc298b55a10e5610ad7885f9",
                "sha256:1ab4fbee0b2d9098c74f3057b2bc055a8bd92ccf02f65944a241b4349229185a",
                "sha256:1ae56aca0402a0f9a3431cddda62ad71666ca9d4dc3a10a142b9dce2e3c0cda3",
                "sha256:1b2c248cd517c222d89e74669a4adfa5577e06ab68771a529060cf5a156e9757",
                "sha256:1e9a65b5736232e7a7f91ff3d02277f11d339bf34099a56cdab6a8b3410a02b2",
                "sha256:224e57f6eac61cc449f498cc5f0e1725ba2071a3d4f48d5d9dffba42db196438",
                "sha256:22fc2a8549ffe699bfba2256ab2ed0421a7b8fadff114a3d201794e45a9ff578",
                "sha256:23032ae55523cc7bccb4f6a0bf368cd25ad9bcdcc1990b64a647e7bbcce9cb5b",
                "sha256:2333e30a5e00fe0fe55903c8832e08ee9c3b1382aacf4db26664a16528d51b4b",
                "sha256:2954c1c23f81c2eaf0b0717d9380bd348578a94161a65b3a2afc62c86467dd68",
                "sha256:2a24c50840d89ded6c9a8fdc7b6ed3692ed4e86f1c4a4a938e1e92def92933e0",
                "sha256:2de9d02f5bda03d27ede52e8cfe7b865b066fa49258cbab568720aa5be80a47d",
                "sha256:2feb1d960f760a575dbc5ab3b1c00504b24caaf6986e2dc2b01c09c87866a943",
                "sha256:30924eb4c57903d5a7526b08ef4a584acc22ab1ffa085faceb521521d2de32dd",
                "sha256:316cc9b17edf613ac76b1f1f305d2a748f1b976b033b049a6ecdfd5612c70409",
                "sha256:32d95b80260d79926f5fab3c41701dbb818fde1c9da590e77e571eefd14abe28",
                "sha256:38025d9f30cf4634f8309c6874ef871b841eb3c347e90b0851f63d1ded5212da",
                "sha256:39da8adedf6942d76dc3e46653e52df937a3c4d6d18fdc94a7c29d263b1f5b50",
                "sha256:3c0ef38c7a7014ffac184db9e04debe495d317cc9c6fb10071f7fefd93100a4f",
                "sha256:3d7954194c36e304e1523f55d7042c59dc53ec20dd4e9ea9d151f1b62b4415c0",
                "sha256:3ee8a80d67a4334482d9712b8e83ca6b1d9bc7e351931252ebef5d8f7335a547",
                "sha256:4093c631e96fdd49e0377a9c167bfd75b6d0bad2ace734c6eb20b348bc3ea180",
                "sha256:43395e90523f9c23a3d5bdf004733246fba087f2948f87ab28015f12359ca6a0",
                "sha256:43ce1b9935bfa1ede40028054d7f48b5469cd02733a365eec8a329ffd342915d",
                "sha256:4410f84b33374409552ac9b6903507cdb31cd30d2501fc5ca13d18f73548444a",
                "sha256:494994f807ba0b92092a163a0a283961369a65f6cbe01e8891132b7a320e61eb",
                "sha256:4d4a848d1837973bf0f4b5e54e3bec977d99be36a7895c61abb659301b02c112",
                "sha256:4ed11165dd45ce798d99a136808a794a748d5dc38511303239d4e2363c0695dc",
                "sha256:4f3607b129417e111e30637af1b56f24f7a49e64763253bbc275c75fa887d4b2",
                "sha256:510b5b1bfbe20e1a7b3baf5fed9e9451873559a976c1a78eebaa3b86c57b4265",
                "sha256:524f35912131cc2cabb00edfd8d573b07f2d9f21fa824bd3fb19725a9cf06327",
                "sha256:587ca6d3cef6e4e868102672d3bd9dc9698c309ba56d41c2b9c85bbb903cdb95",
                "sha256:58d4b711689366d4a03ac7957ab8c28890415e267f9b6589969e74b6e42225ec",
                "sha256:5b3cc074004d968722f51e550b41a27be656ec48f8afaeeb45ebf65b561481dd",
                "sha256:5dab0844f2cf82be357a0eb11a9087f70c5430b2c241493fc122bb6f2bb0917c",
                "sha256:5e55da2c8724191e5b557f8e18943b1b4839b8efc3ef60d65985bcf6f587dd38",
                "sha256:5eeb539606f18a0b232d4ba45adccde4125592f3f636a6182b4a8a436548b914",
                "sha256:5f4d5ea15c9382135076d2fb28dde923352fe02951e66935a9efaac8f10e81b0",
                "sha256:5fb2ce4b8045c78ebbc7b8f3c15062e435d47e7393cc57c25115cfd49883747a",
                "sha256:6172447e1b368dcbc458925e5ddaf9113477b0ed542df258d84fa28fc45ceea7",
                "sha256:6967ced6730aed543b8673008b5a391c3b1076d834ca438bbd70635c73775368",
                "sha256:6974f52a02321b36847cd19d1b8e381bf39939c21efd6ee2fc13a28b0d99348c",
                "sha256:6c3020404e0b5eefd7c9485ccf8393cfb75ec38ce75586e046573c9dc29967a0",
                "sha256:6c6e0c425f22c1c719c42670d561ad682f7bfeeef918edea971a79ac5252437f",
                "sha256:70051525001750221daa10907c77830bc889cb6d865cc0b813d9db7fefc21451",
                "sha256:7905193081db9bfa73b1219140b3d315831cbff0d8941f22da695832f0dd188f",
                "sha256:7bc37c4d6b87fb1017ea28c9508b36bbcb0c3d18b4260fcdf08b200c74a6aee8",
                "sha256:7c4855522edb2e6ae7fdb58e07c3ba9111e7621a8956f481c68d5d979c93032e",
                "sha256:7e4c4629ddad63006efa0ef968c8e4751c5868ff0b1c5c40f76524e894c50248",
                "sha256:7eedaa5d036d9336c95915035fb57422054014ebdeb6f3b42eac809928e40d0c",
                "sha256:7f4bf76817c14aa98cc6697ac02f3972cb8c3da93e9ef16b9c66573a68014f91",
                "sha256:81de08ac11bcb85841e440c13611c00b67d3bf82698314928d0b676362546724",
                "sha256:832436e59afb93e1836081a20f324cb185836c617659b07b129141a8426973c7",
                "sha256:861bf317735688269936f755fa136a99d1ed526883859f86e41a5d43c61d8966",
                "sha256:87a3044c3a35055527ac75e419dfa9f4f3667a1e887ee80360589eb8c90aabb9",
                "sha256:890b5a14ce214389b2cc36ce82f3093f96f4cc730c1cffdbefff77a7c71f2a97",
                "sha256:89f4988c7203739d48c6f806f1e87a1d96e0806d44f0fba61dba81392c9e474d",
                "sha256:8bf32b98b75c13ec7cf774164172683d6e7891088f6316e54425fde1efc276d5",
                "sha256:8dadd1314583ec0bf2d1379f7008ad627cd6336625d6679cf2f8e67081b83acf",
                "sha256:901032ff242d479a0efa956d853d16875d42157f98951c0230f69e69f9c09bac",
                "sha256:9011560a466d2eb3f5a6e4929cf4a09be405c64154e12df0dd72713f6500e32b",
                "sha256:906bc3a79de8c4ae5b86d3d75a8b77e44404b0f4261714306e3ad248d8ab0951",
                "sha256:919e32f147ae93a09fe064d77d5ebf4e35502a8df75c29fb05788528e330fe74",
                "sha256:91d7cc2a76b5567591d12c01f019dd7afce6ba8cba6571187e21e2fc418ae648",
                "sha256:929811df5462e182b13920da56c6e0284af407d1de637d8e536c5cd00a7daf60",
                "sha256:949f3b7c29912693cee0afcf09acd6ebc04c57af949d9bf77d6101ebb61e388c",
                "sha256:a090ca607cbb6a34b0391776f0cb48062081f5f60ddcce5d11838e67a01928d1",
                "sha256:a1fd8a29719ccce974d523580987b7f8229aeace506952fa9ce1d53a033873c8",
                "sha256:a37b8f0391212d29b3a91a799c8e4a2855e0576911cdfb2515487e30e322253d",
                "sha256:a3daabb76a78f829cafc365531c972016e4aa8d5b4bf60660ad8ecee19df7ccc",
                "sha256:a469274ad18dc0e4d316eefa616d1d0c2ff9da369af19fa6f3daa4f09671fd61",
                "sha256:a599669fd7c47233438a56936988a2478685e74854088ef5293802123b5b2460",
                "sha256:a743e5a28af5f70f9c080380a5f908d4d21d40e8f0e0c8901604d15cfa9ba751",
                "sha256:a77def80806c421b4b0af06f45d65a136e7ac0bdca3c09d9e2ea4e515367c7e9",
                "sha256:a7e53012d2853a07a4a79c00643832161a910674a893d296c9f1259859a289d2",
                "sha256:a93dde851926f4f2678e704fadeb39e16c35d8baebd5252c9fd94ce8ce68c4a0",
                "sha256:aac0411d20e345dc0920bdec5548e438e999ff68d77564d5e9463a7ca9d3e7b1",
                "sha256:ae15b066e5ad21366600ebec29a7ccbc86812ed267e4b28e860b8ca16a2bc474",
                "sha256:aea440a510e14e818e67bfc4027880e2fb500c2ccb20ab21c7a7c8b5b4703d75",
                "sha256:af6fa6817889314555aede9a919612b23739395ce767fe7fcbea9a80bf140fe5",
                "sha256:b760c65308ff1e462f65d69c12e4ae085cff3b332d894637f6273a12a482d09f",
                "sha256:be36e3d172dc816333f33520154d708a2657ea63762ec16b62ece02ab5e4daf2",
                "sha256:c247dd99d39e0338a604f8c2b3bc7061d5c2e9e2ac7ba9cc1be5a69cb6cd832f",
                "sha256:c5529b34c1c9d937168297f2c1fde7ebe9ebdd5e121297ff9c043bdb2ae3d6fb",
                "sha256:c8146669223164fc87a7e3de9f81e9423c67a79d6b3447994dfb9c95da16e2d6",
                "sha256:c8fd5270e906eef71d4a8d19b7c6a43760c6abcfcc10c9101d14eb2357418de9",
                "sha256:ca63e1890ede90b2e4454f9a65135a4d387a4585ff8282bb72964fab893f2111",
                "sha256:caf9ee9a5775f3111642d33b86237b05808dafcd6268faa492250e9b78046eb2",
                "sha256:cb1dac1770878ade83f2ccdf7d25e494f05c9165f5246b46a621cc849341dc01",
                "sha256:cdad5b9014d83ca68c25d2e9444e28e967ef16e80f6b436918c700c117a85467",
                "sha256:cdbc1fc1bc0bff1cef838eafe581b55bfbffaed4ed0318b724d0b71d4d377619",
                "sha256:ceb64bbc6eac5a140ca649003756940f8d6a7c444a68af170b3187623b43bebf",
                "sha256:d0c5516f0aed654134a2fc936325cc2e642f8a0e096d075209672eb321cff408",
                "sha256:d143fd47fad1db3d7c27a1b1d66162e855b5d50a89666af46e1679c496e8e579",
                "sha256:d192f0f30804e55db0d0e0a35d83a9fead0e9a359a9ed0285dbacea60cc10a84",
                "sha256:d2b35ca2c7f81d173d2fadc2f4f31e88cc5f7a39ae5b6db5513cf3383b0e0ec7",
                "sha256:d342778ef319e1026af243ed0a07c97acf3bad33b9f29e7ae6a1f68fd083e90c",
                "sha256:d487f5432bf35b60ed625d7e1b448e2dc855422e87469e3f450aa5552b0eb284",
                "sha256:d7702622a8b40c49bffb46e1e3ba2e81268d5c04a34f460978c6b5517a34dd52",
                "sha256:db85ecf4e609a48f4b29055f1e144231b90edc90af7481aa731ba2d059226b1b",
                "sha256:de6551e370ef19f8de1807d0a9aa2cdfdce2e85ce88b122fe9f6b2b076837e59",
                "sha256:e1140c64812cb9b06c922e77f1c26a75ec5e3f0fb2bf92cc8c58720dec276752",
                "sha256:e4fe605b917c70283db7dfe5ada75e04561479075761a0b3866c081d035b01c1",
                "sha256:e6a904cb26bfefc2f0a6f240bdf5233be78cd2488900a2f846f3c3ac8489ab80",
                "sha256:e79e6520141d792237c70bcd7a3b122d00f2613769ae0cb61c52e89fd3443839",
                "sha256:e84799f09591700a4154154cab9787452925578841a94321d5ee8fb9a9a328f0",
                "sha256:e93dfc1a1165e385cc8239fab7c036fb2cd8093728cbd85097b284d7b99249a2",
                "sha256:efa8b278894b14d6da122a72fefcebc28445f2d3f880ac59d46c90f4c13be9a3",
                "sha256:f0d8a7a6b5983c2496e364b969f0e526647a06b075d034f3297dc66f3b360c64",
                "sha256:f0db75f47be8b8abc8d9e31bc7aad0547ca26f24a54e6fd10231d623f183d089",
                "sha256:f296c40e23065d0d6650c4aefe7470d2a25fffda489bcc3eb66083f3ac9f6643",
                "sha256:f31859074d57b4639318523d6ffdca586ace54271a73ad23ad021acd807eb14b",
                "sha256:f66b5337fa213f1da0d9000bc8dc0cb5b896b726eefd9c6046f699b169c41b9e",
                "sha256:f733d788519c7e3e71f0855c96618720f5d3d60c3cb829d8bbb722dddce37985",
                "sha256:fce1473f3ccc4187f75b4690cfc922628aed4d3dd013d047f95a9b3919a86596",
                "sha256:fd5f17ff8f14003595ab414e45fce13d073e0762394f957182e69035c9f3d7c2",
                "sha256:fdc3ff3bfccdc6b9cc7c342c03aa2400683f0cb891d46e94b64a197910dc4064"
            ],
            "version": "==1.1.0"
        },
        "etcpak": {
            "hashes": [
                "sha256:06e2abebb14ec3ecab247886af8639cfce7ddcc60fc6eb606b6ad243807cb49e",
                "sha256:1610ae641529d7cb65a5dcd96b96e014e35c7b03a8b017a735fe768d1925312d",
                "sha256:20f6b7dbbd02a5e131493f77d6d813e344c85ce6ae24822edb9e6652ed29536f",
                "sha256:21504580ee20e1a09da0e6bab0309c844c2e47d3c5132e64217c1a56e4d460bf",
                "sha256:2aa1e3ef39fa092de1ea8e3da91f1ef1614cbff152f48262e0d43228e2e25c13",
                "sha256:368cad74a40df68cd12a359f1773db863f8950a80ffaa0670c744a5c2a842029",
                "sha256:39e726ac71ba0b919649dba62dee028e861de34e21f50794135d9c6407012b41",
                "sha256:3aa18143087541786b27cbf2f300aaedaf24e8dc0e97a2805414f071df3c933f",
                "sha256:423d179c778792c1cca10198a6f9e7cf31239063733a96ce02b8fc4ecdbeedf5",
                "sha256:4e289707878d9b60f813fa5ab757393e08eff38bd6b3244cd2294d72f633b328",
                "sha256:511899cb69052a309010343f49b2b96c847706c49d78e18cd21af80e35fb6716",
                "sha256:57993c2cc8a5c515b9e1e4cb4e16fe6cf598a05f17c1cef540fc33047272ecd2",
                "sha256:5f990e576422f6b0bab88c4064b05c5e58607cbd62a4358da5b36398b1c8c7c3",
                "sha256:655cd7b46e16ade47fe875f99173d65ba3b22cc1e67f012a6240ce3860513131",
                "sha256:754db5cf07f584ec480aee10ec1cae1e393281676be8fe085f63d2c2c936df49",
                "sha256:79586e98477754d82ef0a5ec1ffe587160a4651ba2008be7e668d373e10a6740",
                "sha256:8481a41f197ba2501e8e25b8b67e700adfa159706ae5b9ca191b81146306cbc1",
                "sha256:8a21a01e47b229dd3cbc51dcfb8dab9595a6a3c991a01c2406725e2746ceda61",
                "sha256:8ac961d28d216f7adef661db070a4b5283dc1d948072351acb3d49b12a593461",
                "sha256:906dc7faafd59c167874bf0aaef408ade411e45e156ef6977dfdd6f7b6f3381a",
                "sha256:9e3f9d43d6e33ee68561449c15ee10395e60bf4e955a7e7c4121ee1deb673e39",
                "sha256:a1c2856d0873a730437815949611d2012eeda362904fd312c9b3b181ed671b04",
                "sha256:a6e95e9d97ff327db26325eb8da6644ae416786e48470fe18ca1e9a460e7ed16",
                "sha256:a7e979768cc05389cf746fcbdb9c80968ca4bbc1bfca87a57f844ae70410b155",
                "sha256:ae124b2e6df191d519b783e01794287dbf188548576a2bb68d361417dfa3ed17",
                "sha256:af04c3c95e5544a983813a36e32da0575f178810fc0e82a63f3e4554754a87e8",
                "sha256:b0c4b2ab99954bf1ebf3e8a727cc6493001913398b8cd8be59f433e12b4aee49",
                "sha256:be7633432072c9f58a1057fd6bfb5b8b99df456b87b08f6c37499d22a7f4dc36",
                "sha256:cf171b319c13b796acc82fe58182185b109c458b6bd0c93bf0b1c70d20c79415",
                "sha256:cfbf74a4a30811a32f29548a2ea29c3483020798e03008167e418d5f0f1a72c4",
                "sha256:d17a1a27f077e9ee512c07a1dc8b9cf70a443c5aa62ef6572d979d55052a84ed",
                "sha256:dca533910976938280ff3ff705047b588e620a43746f74572860552d9fe2b1fb",
                "sha256:de0deaacf5b6f72879c101bcaaee0fabf6d3eb71121da6e86a4f5849d8c04e3b",
                "sha256:ed1f59ca55b377770b1676f9dc62352dc3e88a1611cd6f08c5a8113f2c813250",
                "sha256:f4ce355878ac9a7de872f587b2321a7936bf0b6a036f2ea200a6af2859d3f0d7",
                "sha256:f6693382ddab5834cfa9ca9d559d3994668989e87bbd93c61ff490e3a3db16eb",
                "sha256:fa47b11da4216d85af740561f32c5a1f4b260ddf2daacc31b6f4880e5c80e818",
                "sha256:fa7680f107e8d22e0906d77c2c7a3e5d2d58fcb3ab9f13a385875da8c8021ddf",
                "sha256:ff7a6223f141f092acdd67274eecb929c2d988c34dc401cfa5b2dc80fc7e8a84"
            ],
            "markers": "python_version >= '3.7'",
            "version": "==0.9.13"
        },
        "fsspec": {
            "hashes": [
                "sha256:2daf8dc3d1dfa65b6aa37748d112773a7a08416f6c70d96b264c96476ecaf711",
                "sha256:e52c77ef398680bbd6a98c0e628fbc469491282981209907bbc8aea76a04fdc6"
            ],
            "markers": "python_version >= '3.9'",
            "version": "==2025.3.2"
        },
        "lz4": {
            "hashes": [
                "sha256:017f8d269a739405a59d68a4d63d23a8df23e3bb2c70aa069b7563af08dfdffb",
                "sha256:070fd0627ec4393011251a094e08ed9fdcc78cb4e7ab28f507638eee4e39abda",
                "sha256:18ae4fe3bafb344dbd09f976d45cbf49c05c34416f2462828f9572c1fa6d5af7",
                "sha256:1ea7f07329f85a8eda4d8cf937b87f27f0ac392c6400f18bea2c667c8b7f8ecc",
                "sha256:23ae267494fdd80f0d2a131beff890cf857f1b812ee72dbb96c3204aab725553",
                "sha256:2f4f2965c98ab254feddf6b5072854a6935adab7bc81412ec4fe238f07b85f62",
                "sha256:30ebbc5b76b4f0018988825a7e9ce153be4f0d4eba34e6c1f2fcded120573e88",
                "sha256:33e01e18e4561b0381b2c33d58e77ceee850a5067f0ece945064cbaac2176962",
                "sha256:38730927ad51beb42ab8dbc5555270bfbe86167ba734265f88bbd799fced1004",
                "sha256:4134b9fd70ac41954c080b772816bb1afe0c8354ee993015a83430031d686a4c",
                "sha256:45e7c954546de4f85d895aa735989d77f87dd649f503ce1c8a71a151b092ed36",
                "sha256:4ab1537bd3b3bfbafd3c8847e06827129794488304f21945fc2f5b669649d94f",
                "sha256:57fd20c5fc1a49d1bbd170836fccf9a338847e73664f8e313dce6ac91b8c1e02",
                "sha256:585b42eb37ab16a278c3a917ec23b2beef175aa669f4120142b97aebf90ef775",
                "sha256:6b56aa9eef830bf6443acd8c4e18b208a8993dc32e0d6ef4263ecfa6afb3f599",
                "sha256:6ea715bb3357ea1665f77874cf8f55385ff112553db06f3742d3cdcec08633f7",
                "sha256:714f9298c86f8e7278f1c6af23e509044782fa8220eb0260f8f8f1632f820550",
                "sha256:80dd27d7d680ea02c261c226acf1d41de2fd77af4fb2da62b278a9376e380de0",
                "sha256:8ccab8f7f7b82f9fa9fc3b0ba584d353bd5aa818d5821d77d5b9447faad2aaad",
                "sha256:900912e8a7cf74b4a2bea18a3594ae0bf1138f99919c20017167b6e05f760aa4",
                "sha256:9b7d6dddfd01b49aedb940fdcaf32f41dc58c926ba35f4e31866aeec2f32f4f4",
                "sha256:a355223a284f42a723c120ce68827de66d5cb872a38732b3d5abbf544fa2fe26",
                "sha256:a760a175b46325b2bb33b1f2bbfb8aa21b48e1b9653e29c10b6834f9bb44ead4",
                "sha256:a8474c91de47733856c6686df3c4aca33753741da7e757979369c2c0d32918ba",
                "sha256:b28228197775b7b5096898851d59ef43ccaf151136f81d9c436bc9ba560bc2ba",
                "sha256:bd1add57b6fe1f96bed2d529de085e9378a3ac04b86f116d10506f85b68e97fc",
                "sha256:d0be9f68240231e1e44118a4ebfecd8a5d4184f0bdf5c591c98dd6ade9720afd",
                "sha256:d21d1a2892a2dcc193163dd13eaadabb2c1b803807a5117d8f8588b22eaf9f12",
                "sha256:d33a5105cd96ebd32c3e78d7ece6123a9d2fb7c18b84dec61f27837d9e0c496c",
                "sha256:dac522788296a9a02a39f620970dea86c38e141e21e51238f1b5e9fa629f8e69",
                "sha256:dc64d6dfa7a89397529b22638939e70d85eaedc1bd68e30a29c78bfb65d4f715",
                "sha256:ddfc7194cd206496c445e9e5b0c47f970ce982c725c87bd22de028884125b68f",
                "sha256:e3fc90f766401684740978cd781d73b9685bd81b5dbf7257542ef9de4612e4d2",
                "sha256:e43e9d48b2daf80e486213128b0763deed35bbb7a59b66d1681e205e1702d735",
                "sha256:e9cb387c33f014dae4db8cb4ba789c8d2a0a6d045ddff6be13f6c8d9def1d2a6",
                "sha256:e9ec5d45ea43684f87c316542af061ef5febc6a6b322928f059ce1fb289c298a",
                "sha256:ed6eb9f8deaf25ee4f6fad9625d0955183fdc90c52b6f79a76b7f209af1b6e54",
                "sha256:f170abb8416c4efca48e76cac2c86c3185efdf841aecbe5c190121c42828ced0",
                "sha256:f4c21648d81e0dda38b4720dccc9006ae33b0e9e7ffe88af6bf7d4ec124e2fba",
                "sha256:f5024d3ca2383470f7c4ef4d0ed8eabad0b22b23eeefde1c192cf1a38d5e9f78",
                "sha256:fff9f3a1ed63d45cb6514bfb8293005dc4141341ce3500abdfeb76124c0b9b2e"
            ],
            "markers": "python_version >= '3.9'",
            "version": "==4.4.4"
        },
        "pillow": {
            "hashes": [
                "sha256:023f6d2d11784a465f09fd09a34b150ea4672e85fb3d05931d89f373ab14abb2",
                "sha256:02a723e6bf909e7cea0dac1b0e0310be9d7650cd66222a5f1c571455c0a45214",
                "sha256:040a5b691b0713e1f6cbe222e0f4f74cd233421e105850ae3b3c0ceda520f42e",
                "sha256:05f6ecbeff5005399bb48d198f098a9b4b6bdf27b8487c7f38ca16eeb070cd59",
                "sha256:068d9c39a2d1b358eb9f245ce7ab1b5c3246c7c8c7d9ba58cfa5b43146c06e50",
                "sha256:092c80c76635f5ecb10f3f83d76716165c96f5229addbd1ec2bdbbda7d496e06",
                "sha256:0b275ff9b04df7b640c59ec5a3cb113eefd3795a8df80bac69646ef699c6981a",
                "sha256:0bce5c4fd0921f99d2e858dc4d4d64193407e1b99478bc5cacecba2311abde51",
                "sha256:106064daa23a745510dabce1d84f29137a37224831d88eb4ce94bb187b1d7e5f",
                "sha256:118ca10c0d60b06d006be10a501fd6bbdfef559251ed31b794668ed569c87e12",
                "sha256:13f87d581e71d9189ab21fe0efb5a23e9f28552d5be6979e84001d3b8505abe8",
                "sha256:155658efb5e044669c08896c0c44231c5e9abcaadbc5cd3648df2f7c0b96b9a6",
                "sha256:1904e1264881f682f02b7f8167935cce37bc97db457f8e7849dc3a6a52b99580",
                "sha256:19d2ff547c75b8e3ff46f4d9ef969a06c30ab2d4263a9e287733aa8b2429ce8f",
                "sha256:1a992e86b0dd7aeb1f053cd506508c0999d710a8f07b4c791c63843fc6a807ac",
                "sha256:1b9c17fd4ace828b3003dfd1e30bff24863e0eb59b535e8f80194d9cc7ecf860",
                "sha256:1c627742b539bba4309df89171356fcb3cc5a9178355b2727d1b74a6cf155fbd",
                "sha256:1cd110edf822773368b396281a2293aeb91c90a2db00d78ea43e7e861631b722",
                "sha256:1f85acb69adf2aaee8b7da124efebbdb959a104db34d3a2cb0f3793dbae422a8",
                "sha256:2a3117c06b8fb646639dce83694f2f9eac405472713fcb1ae887469c0d4f6788",
                "sha256:2aceea54f957dd4448264f9bf40875da0415c83eb85f55069d89c0ed436e3542",
                "sha256:30807c931ff7c095620fe04448e2c2fc673fcbb1ffe2a7da3fb39613489b1ddd",
                "sha256:30b7c02f3899d10f13d7a48163c8969e4e653f8b43416d23d13d1bbfdc93b9f8",
                "sha256:3828ee7586cd0b2091b6209e5ad53e20d0649bbe87164a459d0676e035e8f523",
                "sha256:3cee80663f29e3843b68199b9d6f4f54bd1d4a6b59bdd91bceefc51238bcb967",
                "sha256:3e184b2f26ff146363dd07bde8b711833d7b0202e27d13540bfe2e35a323a809",
                "sha256:41342b64afeba938edb034d122b2dda5db2139b9a4af999729ba8818e0056477",
                "sha256:41742638139424703b4d01665b807c6468e23e699e8e90cffefe291c5832b027",
                "sha256:4445fa62e15936a028672fd48c4c11a66d641d2c05726c7ec1f8ba6a572036ae",
                "sha256:45dfc51ac5975b938e9809451c51734124e73b04d0f0ac621649821a63852e7b",
                "sha256:48d254f8a4c776de343051023eb61ffe818299eeac478da55227d96e241de53f",
                "sha256:4c834a3921375c48ee6b9624061076bc0a32a60b5532b322cc0ea64e639dd50e",
                "sha256:4c96f993ab8c98460cd0c001447bff6194403e8b1d7e149ade5f00594918128b",
                "sha256:504b6f59505f08ae014f724b6207ff6222662aab5cc9542577fb084ed0676ac7",
                "sha256:527b37216b6ac3a12d7838dc3bd75208ec57c1c6d11ef01902266a5a0c14fc27",
                "sha256:5418b53c0d59b3824d05e029669efa023bbef0f3e92e75ec8428f3799487f361",
                "sha256:59a03cdf019efbfeeed910bf79c7c93255c3d54bc45898ac2a4140071b02b4ae",
                "sha256:5e05688ccef30ea69b9317a9ead994b93975104a677a36a8ed8106be9260aa6d",
                "sha256:643f189248837533073c405ec2f0bb250ba54598cf80e8c1e043381a60632f58",
                "sha256:65dc69160114cdd0ca0f35cb434633c75e8e7fad4cf855177a05bf38678f73ad",
                "sha256:676b2815362456b5b3216b4fd5bd89d362100dc6f4945154ff172e206a22c024",
                "sha256:6a418691000f2a418c9135a7cf0d797c1bb7d9a485e61fe8e7722845b95ef978",
                "sha256:6abdbfd3aea42be05702a8dd98832329c167ee84400a1d1f61ab11437f1717eb",
                "sha256:6be31e3fc9a621e071bc17bb7de63b85cbe0bfae91bb0363c893cbe67247780d",
                "sha256:71f511f6b3b91dd543282477be45a033e4845a40278fa8dcdbfdb07109bf18f9",
                "sha256:7859a4cc7c9295f5838015d8cc0a9c215b77e43d07a25e460f35cf516df8626f",
                "sha256:7966e38dcd0fa11ca390aed7c6f20454443581d758242023cf36fcb319b1a874",
                "sha256:79ea0d14d3ebad43ec77ad5272e6ff9bba5b679ef73375ea760261207fa8e0aa",
                "sha256:7aee118e30a4cf54fdd873bd3a29de51e29105ab11f9aad8c32123f58c8f8081",
                "sha256:7b161756381f0918e05e7cb8a371fff367e807770f8fe92ecb20d905d0e1c149",
                "sha256:7c8ec7a017ad1bd562f93dbd8505763e688d388cde6e4a010ae1486916e713e6",
                "sha256:7db51d222548ccfd274e4572fdbf3e810a5e66b00608862f947b163e613b67dd",
                "sha256:819931d25e57b513242859ce1876c58c59dc31587847bf74cfe06b2e0cb22d2f",
                "sha256:83e1b0161c9d148125083a35c1c5a89db5b7054834fd4387499e06552035236c",
                "sha256:857844335c95bea93fb39e0fa2726b4d9d758850b34075a7e3ff4f4fa3aa3b31",
                "sha256:8797edc41f3e8536ae4b10897ee2f637235c94f27404cac7297f7b607dd0716e",
                "sha256:8924748b688aa210d79883357d102cd64690e56b923a186f35a82cbc10f997db",
                "sha256:89bd777bc6624fe4115e9fac3352c79ed60f3bb18651420635f26e643e3dd1f6",
                "sha256:8dc70ca24c110503e16918a658b869019126ecfe03109b754c402daff12b3d9f",
                "sha256:921bd305b10e82b4d1f5e802b6850677f965d8394203d182f078873851dada69",
                "sha256:932c754c2d51ad2b2271fd01c3d121daaa35e27efae2a616f77bf164bc0b3e94",
                "sha256:93efb0b4de7e340d99057415c749175e24c8864302369e05914682ba642e5d77",
                "sha256:97afb3a00b65cc0804d1c7abddbf090a81eaac02768af58cbdcaaa0a931e0b6d",
                "sha256:97f07ed9f56a3b9b5f49d3661dc9607484e85c67e27f3e8be2c7d28ca032fec7",
                "sha256:98a9afa7b9007c67ed84c57c9e0ad86a6000da96eaa638e4f8abe5b65ff83f0a",
                "sha256:9ab6ae226de48019caa8074894544af5b53a117ccb9d3b3dcb2871464c829438",
                "sha256:9c412fddd1b77a75aa904615ebaa6001f169b26fd467b4be93aded278266b288",
                "sha256:a1bc6ba083b145187f648b667e05a2534ecc4b9f2784c2cbe3089e44868f2b9b",
                "sha256:a418486160228f64dd9e9efcd132679b7a02a5f22c982c78b6fc7dab3fefb635",
                "sha256:a4d336baed65d50d37b88ca5b60c0fa9d81e3a87d4a7930d3880d1624d5b31f3",
                "sha256:a6444696fce635783440b7f7a9fc24b3ad10a9ea3f0ab66c5905be1c19ccf17d",
                "sha256:a7bc6e6fd0395bc052f16b1a8670859964dbd7003bd0af2ff08342eb6e442cfe",
                "sha256:b4b8f3efc8d530a1544e5962bd6b403d5f7fe8b9e08227c6b255f98ad82b4ba0",
                "sha256:b5f56c3f344f2ccaf0dd875d3e180f631dc60a51b314295a3e681fe8cf851fbe",
                "sha256:be5463ac478b623b9dd3937afd7fb7ab3d79dd290a28e2b6df292dc75063eb8a",
                "sha256:c37d8ba9411d6003bba9e518db0db0c58a680ab9fe5179f040b0463644bc9805",
                "sha256:c84d689db21a1c397d001aa08241044aa2069e7587b398c8cc63020390b1c1b8",
                "sha256:cadc9e0ea0a2431124cde7e1697106471fc4c1da01530e679b2391c37d3fbb3a",
                "sha256:cd8ff254faf15591e724dc7c4ddb6bf4793efcbe13802a4ae3e863cd300b493e",
                "sha256:d9da3df5f9ea2a89b81bb6087177fb1f4d1c7146d583a3fe5c672c0d94e55e12",
                "sha256:e5c5858ad8ec655450a7c7df532e9842cf8df7cc349df7225c60d5d348c8aada",
                "sha256:ea944117a7974ae78059fcc1800e5d3295172bb97035c0c1d9345fca1419da71",
                "sha256:ec1ee50470b0d050984394423d96325b744d55c701a439d2bd66089bff963d3c",
                "sha256:f1f182ebd2303acf8c380a54f615ec883322593320a9b00438eb842c1f37ae50",
                "sha256:f8a5827f84d973d8636e9dc5764af4f0cf2318d26744b3d902931701b0d46653",
                "sha256:fdae223722da47b024b867c1ea0be64e0df702c5e0a60e27daad39bf960dd1e4"
            ],
            "index": "pypi",
            "markers": "python_version >= '3.9'",
            "version": "==11.3.0"
        },
        "pyfmodex": {
            "hashes": [
                "sha256:1c42112b788e80ee7b4b57ae25bbbc0a98eb1e32a8e7c9e1246698cdf72efa9d",
                "sha256:d9ad3d7841a1c4cf4733cbedc69389f84c58a640d23d0ffa083ad6080f35103c"
            ],
            "markers": "python_version >= '3.6' and python_version < '4.0'",
            "version": "==0.7.2"
        },
        "texture2ddecoder": {
            "hashes": [
                "sha256:073128f915c5ed54d34230c33709b89a88e11b796e57f9d5c734c640b265551d",
                "sha256:185e317b5459f9f4f2429e471f6300a3a8fe11e858048c4105927d342718f946",
                "sha256:19f00acb3a25b285c5b3e5a7bc22adb4d90db401c450695e98463585998a5715",
                "sha256:1fd60db331483094a9c7b84e1188222bb545987a11e3161f217f829e1e9c165f",
                "sha256:35153d47b134c61808ae64692bf78b991cd1cacf8e600058b92ac780d81b883b",
                "sha256:3be7cc2bce9ce117fa0d8cac2fd8c13a362bd0512625bf39989581796927d6d9",
                "sha256:3d94ae1a87712908286bc5cc9e6ad173a9357aaf33937507cba2ad4305ed8344",
                "sha256:3f620e32e47ca1b8f0f9ea2497e195ac0ac5104aa03511fc8a75fc3476907d73",
                "sha256:49fa46e3f10d226a3ead5a11288f781bdd589ff80e649dec8c68cc04b45384e1",
                "sha256:500e41c12227d5f0e4065ea7047e69fdcbd773a1602ee64f5d34656330bd7c9e",
                "sha256:6ee16f7ebb98e227875f3bbd36be3c65b8d84296200b2624e5064f069bb5588f",
                "sha256:719f0e17b66e3269662ff6bb05167b61df6897ec3555caefc58731d14d0dad39",
                "sha256:7767e865394ad8e0a0609d275caf3e8c99d03df107dfb961cb90ea21c9295dc2",
                "sha256:7a851cf54e0918d52e63b248129dab8a0bdc98d0237e4da7a85812ce0da101e7",
                "sha256:7d21f2866b2bb21f01910b99164bed8a8cc70d2f2be5fd5bf37db1a87a781389",
                "sha256:7dbd6eb6b2364b0557ed08f5fa9d189ba6ca005a0b73300ac8f3b5f738e0b8f3",
                "sha256:837a52ed52206ea4a414fd468228ad7fab6a07ad5b31ebcc554dab4c59e81af7",
                "sha256:869c3563bf03eb0af751812d5d42f9b6a33fbd647196e3812060eba89a0b7dcc",
                "sha256:8d027e52b0ed6f710a70d8ff4164920b9d5b676246eb77dc856ed97e662ddafa",
                "sha256:92d083172d9e1e5fd8f2ecaac562184309bd3cd92b28e6ed409103519cf908e6",
                "sha256:939dd5773b685ffa4f241d1cfebbef070309a52e78aa4221ff2286499d1ab521",
                "sha256:958e82c0fe8f831e317304193d83110566736fa7b03698a97aeb8f6f09828fa1",
                "sha256:9a74d7ca2650adb72d5ee84716b5b95803497bb851baf1d59ff35a76cc91eece",
                "sha256:9b10cdcdde82211f358cee2a85b1ca0fb41a652cc660596b8cc52e8cbb0ba59d",
                "sha256:a0eb8160949a2f5b79ff1eff24eec79d578e1da8a0f3261f61b879c4522e45bc",
                "sha256:a61c40d96ab0567e0b850114e215885ac8f9786580df10a076e6ac7ef33aa75b",
                "sha256:a9dbf2825d74f26d489a4f971e55d57f85397054daef804cfec2e88b5d5247b8",
                "sha256:b0ec4e2d3d1b747a2abc7e0ad64e6162104701592d36bb5b0ae7beb4de61f5b8",
                "sha256:bbb8b288582a32e6f0e850261a6e19d67fee0cd7b80c58f0479d930587c3f797",
                "sha256:bca2468fae272cc73d50fa81b54f5584a0b5b4b76327c32cf735246785f34382",
                "sha256:ca0d30fefaf87414efd73df0089da87ca5e0db2159b8229e2cad32c098436b4f",
                "sha256:cc79c8042f792b156d822941c8b57457f0170b89ef52933fe3216a9db30e4a4c",
                "sha256:cd5707222d488226fd833eb65409e23038a20e77cc3911581628b2d8dc37c997",
                "sha256:ce2abddad1d6ce670a17908901998d3d6a88984c065079f7123e384f159804a2",
                "sha256:d037c4071eaeb1b772ccf17dcd1be0ebd1a01a6565f297182346bbafb7acc25e",
                "sha256:d2a4aa07aabd1f542199c730664d3e6d4b6cde6622bc90d3bd70267301f70f62",
                "sha256:e449dc9dc7d59bd5fea302b8b80dcef26a31d53a7ff9e59cd7749b5306138f26",
                "sha256:f5216e848774a396fa58c9674be6333d0b9f0d8f923fdc3ce82b59dc29196e06",
                "sha256:fb59578961679fac0ef6dfaf5ec42067357c770f291a861a152466bab7c473fd",
                "sha256:ffc86b8b0d6c88c82eb0485e74de3f68d0f136fd5d19fd99efd95fc682bad52b"
            ],
            "markers": "python_version >= '3.7'",
            "version": "==1.0.5"
        },
        "unitypy": {
            "hashes": [
                "sha256:01343d0070c5b7ef26d76dec23f9348c8c2963c106bd83c63d93e0e534cf52ea",
                "sha256:021b48a3e3e89c9f12b7a65b8bd01e25195d49edb2d580b19ea6b4f8e81600f4",
                "sha256:02a24026ad537cf483a52864a0fe721cd61ae21520e7ffa11f0397e18549c90b",
                "sha256:08546764517a6b40062236c21791d666e1a6a30be3b2936f71bc116b768fc258",
                "sha256:10593c66f47a0ff54eb0c85069b8ba7c252942431800c59410366fb4fdc16065",
                "sha256:10e7b0d7e8ca8bc780e25dff16adf8a71379b08a472ac6013c36a19e1e28cdb1",
                "sha256:13de4127e6b395988f3e78cf3185f4df93691d8f63e67544ea9747c4e75595d1",
                "sha256:205bf0db43c12d20db97b14e02d92d9afd2b28b16e60851e48fb0cfbe11a2b0e",
                "sha256:21df58c29d829a18afa29f546d06a5e75f8f954c390b7e5d610b0b02378faccd",
                "sha256:224562e0b92c6a2cbc78842a36b53f89c21b8594ff15e08ba8fa0655fbeae962",
                "sha256:26ae5c06b7204b6627327835f8064aebefaad1bd5c916c9f55a775ddb745e2ad",
                "sha256:2791e14d6eb1787123d157c10a6a2de1be66b807d15f9d2834342f354b81dbb8",
                "sha256:2e543e859efc6712b2f9c7c9f86733ff0a2ab2969ca089aeca8e1c5cbefd3d1e",
                "sha256:329af9e32c116519b1514281e14e78c15a772f1ff7d5769c4d23342079d34db2",
                "sha256:3a5fd46bebd0235d236e9ca49bb75c835b7838ef84987693ceee867035d004cb",
                "sha256:3aeaa80be4bc57cccfbce9a65ea568c5670d48b1d15606ac95b713ae668ee6d1",
                "sha256:487576cd0dd6467657afa42194a1ef7657f2116c9045d409e5d5d95662644a6d",
                "sha256:5fab4112a30afe90183bee6d102e66a83f70c6982fbb638538080e110bd64388",
                "sha256:67e96b800bddbf879a997cd25a071dabf76cb08fce0ae28bc959f5dfe0795ca8",
                "sha256:6991f2a8e24dde012aede556b31754e711b7fa6391d35f10a84f4483c4d3b596",
                "sha256:7413ca79da519cd7a742132f7a69d34cb6a16163825464122aa3310890965ba5",
                "sha256:752914c6ec84de3df432afcb3fdbdeaeb50ef06546da9eb1ff84a47cbc899fa0",
                "sha256:7732e773995b117a8204831448a5d70ae5a9d41b58543fb5df6fc9ade77fbb97",
                "sha256:8248159e3d773cb6ae5b223fe723b82f9262356d6aff4daa38f788c0a56424cc",
                "sha256:839609e3b2e7c43cfe9f6e072da5031963c49751d91f1166de7de32917424983",
                "sha256:862859166aaf67521edb1e5f6e3651dcb912cf0056d8808908e3eb06cf2bc6e8",
                "sha256:86ee9c87c645ef708b64f83d8d064113df1cfff81fdd5b1354b9e9bdc4c183b3",
                "sha256:8cd9bfe7c295d114e8b87adbda0466d29a2b8fe26e7e50c3b31cd5278b054bf1",
                "sha256:9063c1881d764f4cb4fdab80a5eb17ecae8f0ee3f24a22fa1bf96e5f0e5cc666",
                "sha256:97250ca5c4b87c486866adc279f101d2ca7bdea882624491a9310ac48f16d44d",
                "sha256:99e9cda97ddb19cb5c31d184d0ef1c82859b700eb0a319552fb6d5c7f628248a",
                "sha256:9d5de46fbe3f8526059912344c3a2905fa39576927c66f3b64b19bcfcc82ad0e",
                "sha256:aa59cae4801c15ddc61dfeb77fb83ddfd2e2d8942d0d684bb904a357223da0b8",
                "sha256:ad3c84deaa1a4e7e0c388c424ca2f0361c776068a234bf8e9b3fb2bf4e0dabef",
                "sha256:b40759612804f3788931ec2482c83eda436f5dde9159aba102b971225a3d6098",
                "sha256:b40a4f466452ba2215adfdc7f99239ecff8e3e442e83cbaae32b7332ff1d4a09",
                "sha256:b4a2efaaa729ea8303fcbadac047b444f10f936e74e26cc6daa6eff3ae2e8136",
                "sha256:b85fdeba684c8597e653adbe2f4b95fa3234c976ee775765b5816d480de7efae",
                "sha256:c2bd18ba5f0a3214b51012905821697d84c851e7cb686084d60c33a95fca8504",
                "sha256:c2d431997e19522dc960b1cc0e0625e61ff22aacb0135164435f926d119fa58d",
                "sha256:c3e0a74a5d16762c4cea62099263d63982a2ef2a2ebfea86bf795ba2fb55aac0",
                "sha256:c4651e9f2233cf0466d40d9939f2a222c65bae849bcf4aa10566d623b67c396f",
                "sha256:c5ae1c6da5f811ecafecfa1de45c90307d275af90dcd0f9546c9006883b45358",
                "sha256:c9db91ac167c077fc8adde7c24a534653a3f21ec4efd143106dac25bb9a9dff8",
                "sha256:cb5a3c7c52630f5b8435744d43f07d6adb310ba689def929c857d673ae154cc5",
                "sha256:cdc4d221bd7750f8ddb622aaad7c0442771d1dd3831a29143bf108298de9d4c4",
                "sha256:d329f0a81c8b9b73c24258c1c0643b529a68d30be03820ce5712cd3303349756",
                "sha256:d6d9c8bd65640e22a41e4c864acfe066f836f9411943d5fba810d7736436d4b2",
                "sha256:dac5bedcc015ef9f316e512f9cb4454a78e38e92c676c1ed060aafa5b1f2f504",
                "sha256:db937b0568506b877df7fe4b33ebfb42dc5611520f6bd7d40e2184d8c9f2ade6",
                "sha256:dded3e32d5b3c130a33207f147f28c9f8b4b7968379d45e25222fbdf185ceff0",
                "sha256:e74782c561a3e805a986fe84a5592f84a5647452e01d32e72f2c67e04d61eae2",
                "sha256:e8ceac1c57cb49cd08b7d7a1869951d676c275b528d53a25ed3de0a90c22a7da",
                "sha256:eef3ce564189f9300f52cd733040de5e51ee244beb654b87e1b4cf3396d99be2",
                "sha256:f1d1e275c32ca480f3d6b4e30a4dc29efd7ce73a83ee7326e5b70148dc1daaf2",
                "sha256:f3abaf183302efd262ae06927257e9592fea661ab8b60154b49ca4ef5ef84898",
                "sha256:f462eeadf36049a3b2515a478b3a4e8b3ac2942c50575feab27cffb6e7c29535",
                "sha256:f683356c546129f53d5877e78299963f84b1c0dd1ba3adb35b9fd77f7898bfad",
                "sha256:f96895dd8d75e93719dbfcb288a63005b15c9fa4ce9e508631c403c027b0f42e",
                "sha256:fd87888dd349cde2554c7f76db4e9a5e1d6c74a7ef01e9559de574b2facf6436",
                "sha256:fe0ee62e68945a4d3a74f87ae47565e7b52e6e476eb056c2315a9af94de853c7"
            ],
            "index": "pypi",
            "markers": "python_version >= '3.7'",
            "version": "==1.22.2"
        }
    },
    "develop": {}
}
